<?xml version="1.0" encoding="UTF-8"?>
<Project ToolsVersion="15.0" xmlns="http://schemas.microsoft.com/developer/msbuild/2003">
  <ItemGroup>
    <CustomBuild Include="C:\Users\Paul\Documents\GitHub\crispy-doom\doomlib\SFML_Build\CMakeFiles\488d747b1899983785fda82436a04594\INSTALL_force.rule">
      <Filter>CMake Rules</Filter>
    </CustomBuild>
  </ItemGroup>
  <ItemGroup>
    <Filter Include="CMake Rules">
      <UniqueIdentifier>{70BE5BC4-D4F5-339C-9463-ECA26E8894CA}</UniqueIdentifier>
    </Filter>
  </ItemGroup>
</Project>
