<?xml version="1.0" encoding="utf-8"?>
<Project ToolsVersion="4.0" xmlns="http://schemas.microsoft.com/developer/msbuild/2003">
  <ItemGroup>
    <Filter Include="Source Files">
      <UniqueIdentifier>{4FC737F1-C7A5-4376-A066-2A32D752A2FF}</UniqueIdentifier>
      <Extensions>cpp;c;cc;cxx;def;odl;idl;hpj;bat;asm;asmx</Extensions>
    </Filter>
    <Filter Include="Header Files">
      <UniqueIdentifier>{93995380-89BD-4b04-88EB-625FBE52EBFB}</UniqueIdentifier>
      <Extensions>h;hh;hpp;hxx;hm;inl;inc;xsd</Extensions>
    </Filter>
    <Filter Include="Resource Files">
      <UniqueIdentifier>{67DA6AB6-F800-4c08-8B7A-83BB121AAD01}</UniqueIdentifier>
      <Extensions>rc;ico;cur;bmp;dlg;rc2;rct;bin;rgs;gif;jpg;jpeg;jpe;resx;tiff;tif;png;wav;mfcribbon-ms</Extensions>
    </Filter>
    <Filter Include="interface">
      <UniqueIdentifier>{5844167f-d0c2-4a42-8622-332c2a494a81}</UniqueIdentifier>
    </Filter>
  </ItemGroup>
  <ItemGroup>
    <ClInclude Include="..\quake\adivtab.h">
      <Filter>Header Files</Filter>
    </ClInclude>
    <ClInclude Include="..\quake\anorm_dots.h">
      <Filter>Header Files</Filter>
    </ClInclude>
    <ClInclude Include="..\quake\anorms.h">
      <Filter>Header Files</Filter>
    </ClInclude>
    <ClInclude Include="..\quake\asm_draw.h">
      <Filter>Header Files</Filter>
    </ClInclude>
    <ClInclude Include="..\quake\asm_i386.h">
      <Filter>Header Files</Filter>
    </ClInclude>
    <ClInclude Include="..\quake\block8.h">
      <Filter>Header Files</Filter>
    </ClInclude>
    <ClInclude Include="..\quake\block16.h">
      <Filter>Header Files</Filter>
    </ClInclude>
    <ClInclude Include="..\quake\bspfile.h">
      <Filter>Header Files</Filter>
    </ClInclude>
    <ClInclude Include="..\quake\cdaudio.h">
      <Filter>Header Files</Filter>
    </ClInclude>
    <ClInclude Include="..\quake\client.h">
      <Filter>Header Files</Filter>
    </ClInclude>
    <ClInclude Include="..\quake\cmd.h">
      <Filter>Header Files</Filter>
    </ClInclude>
    <ClInclude Include="..\quake\common.h">
      <Filter>Header Files</Filter>
    </ClInclude>
    <ClInclude Include="..\quake\conproc.h">
      <Filter>Header Files</Filter>
    </ClInclude>
    <ClInclude Include="..\quake\console.h">
      <Filter>Header Files</Filter>
    </ClInclude>
    <ClInclude Include="..\quake\crc.h">
      <Filter>Header Files</Filter>
    </ClInclude>
    <ClInclude Include="..\quake\cvar.h">
      <Filter>Header Files</Filter>
    </ClInclude>
    <ClInclude Include="..\quake\d_iface.h">
      <Filter>Header Files</Filter>
    </ClInclude>
    <ClInclude Include="..\quake\d_ifacea.h">
      <Filter>Header Files</Filter>
    </ClInclude>
    <ClInclude Include="..\quake\d_local.h">
      <Filter>Header Files</Filter>
    </ClInclude>
    <ClInclude Include="..\quake\draw.h">
      <Filter>Header Files</Filter>
    </ClInclude>
    <ClInclude Include="..\quake\gl_model.h">
      <Filter>Header Files</Filter>
    </ClInclude>
    <ClInclude Include="..\quake\gl_warp_sin.h">
      <Filter>Header Files</Filter>
    </ClInclude>
    <ClInclude Include="..\quake\glquake.h">
      <Filter>Header Files</Filter>
    </ClInclude>
    <ClInclude Include="..\quake\glquake2.h">
      <Filter>Header Files</Filter>
    </ClInclude>
    <ClInclude Include="..\quake\input.h">
      <Filter>Header Files</Filter>
    </ClInclude>
    <ClInclude Include="..\quake\keys.h">
      <Filter>Header Files</Filter>
    </ClInclude>
    <ClInclude Include="..\quake\mathlib.h">
      <Filter>Header Files</Filter>
    </ClInclude>
    <ClInclude Include="..\quake\menu.h">
      <Filter>Header Files</Filter>
    </ClInclude>
    <ClInclude Include="..\quake\model.h">
      <Filter>Header Files</Filter>
    </ClInclude>
    <ClInclude Include="..\quake\modelgen.h">
      <Filter>Header Files</Filter>
    </ClInclude>
    <ClInclude Include="..\quake\mpdosock.h">
      <Filter>Header Files</Filter>
    </ClInclude>
    <ClInclude Include="..\quake\net.h">
      <Filter>Header Files</Filter>
    </ClInclude>
    <ClInclude Include="..\quake\net_bw.h">
      <Filter>Header Files</Filter>
    </ClInclude>
    <ClInclude Include="..\quake\net_dgrm.h">
      <Filter>Header Files</Filter>
    </ClInclude>
    <ClInclude Include="..\quake\net_ipx.h">
      <Filter>Header Files</Filter>
    </ClInclude>
    <ClInclude Include="..\quake\net_loop.h">
      <Filter>Header Files</Filter>
    </ClInclude>
    <ClInclude Include="..\quake\net_mp.h">
      <Filter>Header Files</Filter>
    </ClInclude>
    <ClInclude Include="..\quake\net_ser.h">
      <Filter>Header Files</Filter>
    </ClInclude>
    <ClInclude Include="..\quake\net_udp.h">
      <Filter>Header Files</Filter>
    </ClInclude>
    <ClInclude Include="..\quake\net_vcr.h">
      <Filter>Header Files</Filter>
    </ClInclude>
    <ClInclude Include="..\quake\net_wins.h">
      <Filter>Header Files</Filter>
    </ClInclude>
    <ClInclude Include="..\quake\net_wipx.h">
      <Filter>Header Files</Filter>
    </ClInclude>
    <ClInclude Include="..\quake\pr_comp.h">
      <Filter>Header Files</Filter>
    </ClInclude>
    <ClInclude Include="..\quake\progdefs.h">
      <Filter>Header Files</Filter>
    </ClInclude>
    <ClInclude Include="..\quake\progs.h">
      <Filter>Header Files</Filter>
    </ClInclude>
    <ClInclude Include="..\quake\protocol.h">
      <Filter>Header Files</Filter>
    </ClInclude>
    <ClInclude Include="..\quake\quakeasm.h">
      <Filter>Header Files</Filter>
    </ClInclude>
    <ClInclude Include="..\quake\quakedef.h">
      <Filter>Header Files</Filter>
    </ClInclude>
    <ClInclude Include="..\quake\r_local.h">
      <Filter>Header Files</Filter>
    </ClInclude>
    <ClInclude Include="..\quake\r_shared.h">
      <Filter>Header Files</Filter>
    </ClInclude>
    <ClInclude Include="..\quake\render.h">
      <Filter>Header Files</Filter>
    </ClInclude>
    <ClInclude Include="..\quake\resource.h">
      <Filter>Header Files</Filter>
    </ClInclude>
    <ClInclude Include="..\quake\sbar.h">
      <Filter>Header Files</Filter>
    </ClInclude>
    <ClInclude Include="..\quake\screen.h">
      <Filter>Header Files</Filter>
    </ClInclude>
    <ClInclude Include="..\quake\server.h">
      <Filter>Header Files</Filter>
    </ClInclude>
    <ClInclude Include="..\quake\sound.h">
      <Filter>Header Files</Filter>
    </ClInclude>
    <ClInclude Include="..\quake\spritegn.h">
      <Filter>Header Files</Filter>
    </ClInclude>
    <ClInclude Include="..\quake\sys.h">
      <Filter>Header Files</Filter>
    </ClInclude>
    <ClInclude Include="..\quake\vid.h">
      <Filter>Header Files</Filter>
    </ClInclude>
    <ClInclude Include="..\quake\vid_dos.h">
      <Filter>Header Files</Filter>
    </ClInclude>
    <ClInclude Include="..\quake\view.h">
      <Filter>Header Files</Filter>
    </ClInclude>
    <ClInclude Include="..\quake\vregset.h">
      <Filter>Header Files</Filter>
    </ClInclude>
    <ClInclude Include="..\quake\wad.h">
      <Filter>Header Files</Filter>
    </ClInclude>
    <ClInclude Include="..\quake\world.h">
      <Filter>Header Files</Filter>
    </ClInclude>
    <ClInclude Include="..\quake\zone.h">
      <Filter>Header Files</Filter>
    </ClInclude>
    <ClInclude Include="..\quake\winquake.h">
      <Filter>interface</Filter>
    </ClInclude>
    <ClInclude Include="quake_defines.hpp">
      <Filter>Header Files</Filter>
    </ClInclude>
    <ClInclude Include="quake_globals.hpp">
      <Filter>Header Files</Filter>
    </ClInclude>
  </ItemGroup>
  <ItemGroup>
    <ClCompile Include="..\quake\vid_null.cpp">
      <Filter>interface</Filter>
    </ClCompile>
    <ClCompile Include="..\quake\sys_win.cpp">
      <Filter>interface</Filter>
    </ClCompile>
    <ClCompile Include="..\quake\cd_null.cpp">
      <Filter>Source Files</Filter>
    </ClCompile>
    <ClCompile Include="..\quake\chase.cpp">
      <Filter>Source Files</Filter>
    </ClCompile>
    <ClCompile Include="..\quake\cl_demo.cpp">
      <Filter>Source Files</Filter>
    </ClCompile>
    <ClCompile Include="..\quake\cl_input.cpp">
      <Filter>Source Files</Filter>
    </ClCompile>
    <ClCompile Include="..\quake\cl_main.cpp">
      <Filter>Source Files</Filter>
    </ClCompile>
    <ClCompile Include="..\quake\cl_parse.cp">
      <Filter>Source Files</Filter>
    </ClCompile>
    <ClCompile Include="..\quake\cl_tent.cpp">
      <Filter>Source Files</Filter>
    </ClCompile>
    <ClCompile Include="..\quake\cmd.cpp">
      <Filter>Source Files</Filter>
    </ClCompile>
    <ClCompile Include="..\quake\common.cpp">
      <Filter>Source Files</Filter>
    </ClCompile>
    <ClCompile Include="..\quake\conproc.cpp">
      <Filter>Source Files</Filter>
    </ClCompile>
    <ClCompile Include="..\quake\console.cpp">
      <Filter>Source Files</Filter>
    </ClCompile>
    <ClCompile Include="..\quake\crc.cpp">
      <Filter>Source Files</Filter>
    </ClCompile>
    <ClCompile Include="..\quake\cvar.cpp">
      <Filter>Source Files</Filter>
    </ClCompile>
    <ClCompile Include="..\quake\d_edge.cpp">
      <Filter>Source Files</Filter>
    </ClCompile>
    <ClCompile Include="..\quake\d_fill.cpp">
      <Filter>Source Files</Filter>
    </ClCompile>
    <ClCompile Include="..\quake\d_init.cpp">
      <Filter>Source Files</Filter>
    </ClCompile>
    <ClCompile Include="..\quake\d_modech.cpp">
      <Filter>Source Files</Filter>
    </ClCompile>
    <ClCompile Include="..\quake\d_part.cpp">
      <Filter>Source Files</Filter>
    </ClCompile>
    <ClCompile Include="..\quake\d_polyse.cpp">
      <Filter>Source Files</Filter>
    </ClCompile>
    <ClCompile Include="..\quake\d_scan.cpp">
      <Filter>Source Files</Filter>
    </ClCompile>
    <ClCompile Include="..\quake\d_sky.cpp">
      <Filter>Source Files</Filter>
    </ClCompile>
    <ClCompile Include="..\quake\d_sprite.cpp">
      <Filter>Source Files</Filter>
    </ClCompile>
    <ClCompile Include="..\quake\d_surf.cpp">
      <Filter>Source Files</Filter>
    </ClCompile>
    <ClCompile Include="..\quake\d_vars.cpp">
      <Filter>Source Files</Filter>
    </ClCompile>
    <ClCompile Include="..\quake\d_zpoint.cpp">
      <Filter>Source Files</Filter>
    </ClCompile>
    <ClCompile Include="..\quake\draw.cpp">
      <Filter>Source Files</Filter>
    </ClCompile>
    <ClCompile Include="..\quake\host.cpp">
      <Filter>Source Files</Filter>
    </ClCompile>
    <ClCompile Include="..\quake\host_cmd.cpp">
      <Filter>Source Files</Filter>
    </ClCompile>
    <ClCompile Include="..\quake\in_null.cpp">
      <Filter>Source Files</Filter>
    </ClCompile>
    <ClCompile Include="..\quake\keys.cpp">
      <Filter>Source Files</Filter>
    </ClCompile>
    <ClCompile Include="..\quake\mathlib.cpp">
      <Filter>Source Files</Filter>
    </ClCompile>
    <ClCompile Include="..\quake\menu.cpp">
      <Filter>Source Files</Filter>
    </ClCompile>
    <ClCompile Include="..\quake\model.cpp">
      <Filter>Source Files</Filter>
    </ClCompile>
    <ClCompile Include="..\quake\net_loop.cpp">
      <Filter>Source Files</Filter>
    </ClCompile>
    <ClCompile Include="..\quake\net_main.cpp">
      <Filter>Source Files</Filter>
    </ClCompile>
    <ClCompile Include="..\quake\net_none.cpp">
      <Filter>Source Files</Filter>
    </ClCompile>
    <ClCompile Include="..\quake\net_vcr.cpp">
      <Filter>Source Files</Filter>
    </ClCompile>
    <ClCompile Include="..\quake\nonintel.cpp">
      <Filter>Source Files</Filter>
    </ClCompile>
    <ClCompile Include="..\quake\pr_cmds.cpp">
      <Filter>Source Files</Filter>
    </ClCompile>
    <ClCompile Include="..\quake\pr_edict.cpp">
      <Filter>Source Files</Filter>
    </ClCompile>
    <ClCompile Include="..\quake\pr_exec.cpp">
      <Filter>Source Files</Filter>
    </ClCompile>
    <ClCompile Include="..\quake\r_aclip.cpp">
      <Filter>Source Files</Filter>
    </ClCompile>
    <ClCompile Include="..\quake\r_alias.cpp">
      <Filter>Source Files</Filter>
    </ClCompile>
    <ClCompile Include="..\quake\r_bsp.cpp">
      <Filter>Source Files</Filter>
    </ClCompile>
    <ClCompile Include="..\quake\r_draw.cpp">
      <Filter>Source Files</Filter>
    </ClCompile>
    <ClCompile Include="..\quake\r_edge.cpp">
      <Filter>Source Files</Filter>
    </ClCompile>
    <ClCompile Include="..\quake\r_efrag.cpp">
      <Filter>Source Files</Filter>
    </ClCompile>
    <ClCompile Include="..\quake\r_light.cpp">
      <Filter>Source Files</Filter>
    </ClCompile>
    <ClCompile Include="..\quake\r_main.cpp">
      <Filter>Source Files</Filter>
    </ClCompile>
    <ClCompile Include="..\quake\r_misc.cpp">
      <Filter>Source Files</Filter>
    </ClCompile>
    <ClCompile Include="..\quake\r_part.cpp">
      <Filter>Source Files</Filter>
    </ClCompile>
    <ClCompile Include="..\quake\r_sky.cpp">
      <Filter>Source Files</Filter>
    </ClCompile>
    <ClCompile Include="..\quake\r_sprite.cpp">
      <Filter>Source Files</Filter>
    </ClCompile>
    <ClCompile Include="..\quake\r_surf.cpp">
      <Filter>Source Files</Filter>
    </ClCompile>
    <ClCompile Include="..\quake\sbar.cpp">
      <Filter>Source Files</Filter>
    </ClCompile>
    <ClCompile Include="..\quake\screen.cpp">
      <Filter>Source Files</Filter>
    </ClCompile>
    <ClCompile Include="..\quake\snd_next.cpp">
      <Filter>Source Files</Filter>
    </ClCompile>
    <ClCompile Include="..\quake\snd_null.cpp">
      <Filter>Source Files</Filter>
    </ClCompile>
    <ClCompile Include="..\quake\sv_main.cpp">
      <Filter>Source Files</Filter>
    </ClCompile>
    <ClCompile Include="..\quake\sv_move.cpp">
      <Filter>Source Files</Filter>
    </ClCompile>
    <ClCompile Include="..\quake\sv_phys.cpp">
      <Filter>Source Files</Filter>
    </ClCompile>
    <ClCompile Include="..\quake\sv_user.cpp">
      <Filter>Source Files</Filter>
    </ClCompile>
    <ClCompile Include="..\quake\view.cpp">
      <Filter>Source Files</Filter>
    </ClCompile>
    <ClCompile Include="..\quake\wad.cpp">
      <Filter>Source Files</Filter>
    </ClCompile>
    <ClCompile Include="..\quake\world.cpp">
      <Filter>Source Files</Filter>
    </ClCompile>
    <ClCompile Include="..\quake\zone.cpp">
      <Filter>Source Files</Filter>
    </ClCompile>
    <ClCompile Include="..\quake\r_vars.cpp">
      <Filter>Source Files</Filter>
    </ClCompile>
  </ItemGroup>
</Project>