
Microsoft Visual Studio Solution File, Format Version 12.00
# Visual Studio 15
VisualStudioVersion = 15.0.26430.15
MinimumVisualStudioVersion = 10.0.40219.1
Project("{8BC9CEB8-8B4A-11D0-8D11-00A0C91BC942}") = "doomlib", "doomlib\doomlib.vcxproj", "{B640A993-351B-409C-8B10-0AB91253DF17}"
EndProject
Project("{8BC9CEB8-8B4A-11D0-8D11-00A0C91BC942}") = "sfml-graphics", "SFML_Build\src\SFML\Graphics\sfml-graphics.vcxproj", "{E0145DF3-1FA9-36DE-B870-E461E0880A59}"
EndProject
Project("{8BC9CEB8-8B4A-11D0-8D11-00A0C91BC942}") = "sfml-main", "SFML_Build\src\SFML\Main\sfml-main.vcxproj", "{B687237D-EA11-38F4-924A-815C084B1602}"
EndProject
Project("{8BC9CEB8-8B4A-11D0-8D11-00A0C91BC942}") = "sfml-network", "SFML_Build\src\SFML\Network\sfml-network.vcxproj", "{0622A4A6-D400-36AC-A49C-FE1AC0E2DE4F}"
EndProject
Project("{8BC9CEB8-8B4A-11D0-8D11-00A0C91BC942}") = "sfml-system", "SFML_Build\src\SFML\System\sfml-system.vcxproj", "{F31672DF-D9FB-3664-9079-01D54CC9F268}"
EndProject
Project("{8BC9CEB8-8B4A-11D0-8D11-00A0C91BC942}") = "sfml-window", "SFML_Build\src\SFML\Window\sfml-window.vcxproj", "{148E66F2-5A2F-34D6-875A-AFFF13712434}"
EndProject
Project("{8BC9CEB8-8B4A-11D0-8D11-00A0C91BC942}") = "sfml-audio", "SFML_Build\src\SFML\Audio\sfml-audio.vcxproj", "{39F3969D-3372-33F4-9651-2029FD93B6C7}"
EndProject
Global
	GlobalSection(SolutionConfigurationPlatforms) = preSolution
		Debug|x64 = Debug|x64
		Debug|x86 = Debug|x86
		MinSizeRel|x64 = MinSizeRel|x64
		MinSizeRel|x86 = MinSizeRel|x86
		Release|x64 = Release|x64
		Release|x86 = Release|x86
		RelWithDebInfo|x64 = RelWithDebInfo|x64
		RelWithDebInfo|x86 = RelWithDebInfo|x86
	EndGlobalSection
	GlobalSection(ProjectConfigurationPlatforms) = postSolution
		{B640A993-351B-409C-8B10-0AB91253DF17}.Debug|x64.ActiveCfg = Debug|x64
		{B640A993-351B-409C-8B10-0AB91253DF17}.Debug|x64.Build.0 = Debug|x64
		{B640A993-351B-409C-8B10-0AB91253DF17}.Debug|x86.ActiveCfg = Debug|Win32
		{B640A993-351B-409C-8B10-0AB91253DF17}.Debug|x86.Build.0 = Debug|Win32
		{B640A993-351B-409C-8B10-0AB91253DF17}.MinSizeRel|x64.ActiveCfg = Release|x64
		{B640A993-351B-409C-8B10-0AB91253DF17}.MinSizeRel|x64.Build.0 = Release|x64
		{B640A993-351B-409C-8B10-0AB91253DF17}.MinSizeRel|x86.ActiveCfg = Release|Win32
		{B640A993-351B-409C-8B10-0AB91253DF17}.MinSizeRel|x86.Build.0 = Release|Win32
		{B640A993-351B-409C-8B10-0AB91253DF17}.Release|x64.ActiveCfg = Release|x64
		{B640A993-351B-409C-8B10-0AB91253DF17}.Release|x64.Build.0 = Release|x64
		{B640A993-351B-409C-8B10-0AB91253DF17}.Release|x86.ActiveCfg = Release|Win32
		{B640A993-351B-409C-8B10-0AB91253DF17}.Release|x86.Build.0 = Release|Win32
		{B640A993-351B-409C-8B10-0AB91253DF17}.RelWithDebInfo|x64.ActiveCfg = Release|x64
		{B640A993-351B-409C-8B10-0AB91253DF17}.RelWithDebInfo|x64.Build.0 = Release|x64
		{B640A993-351B-409C-8B10-0AB91253DF17}.RelWithDebInfo|x86.ActiveCfg = Release|Win32
		{B640A993-351B-409C-8B10-0AB91253DF17}.RelWithDebInfo|x86.Build.0 = Release|Win32
		{E0145DF3-1FA9-36DE-B870-E461E0880A59}.Debug|x64.ActiveCfg = Debug|Win32
		{E0145DF3-1FA9-36DE-B870-E461E0880A59}.Debug|x86.ActiveCfg = Debug|Win32
		{E0145DF3-1FA9-36DE-B870-E461E0880A59}.Debug|x86.Build.0 = Debug|Win32
		{E0145DF3-1FA9-36DE-B870-E461E0880A59}.MinSizeRel|x64.ActiveCfg = MinSizeRel|Win32
		{E0145DF3-1FA9-36DE-B870-E461E0880A59}.MinSizeRel|x86.ActiveCfg = MinSizeRel|Win32
		{E0145DF3-1FA9-36DE-B870-E461E0880A59}.MinSizeRel|x86.Build.0 = MinSizeRel|Win32
		{E0145DF3-1FA9-36DE-B870-E461E0880A59}.Release|x64.ActiveCfg = Release|Win32
		{E0145DF3-1FA9-36DE-B870-E461E0880A59}.Release|x86.ActiveCfg = Release|Win32
		{E0145DF3-1FA9-36DE-B870-E461E0880A59}.Release|x86.Build.0 = Release|Win32
		{E0145DF3-1FA9-36DE-B870-E461E0880A59}.RelWithDebInfo|x64.ActiveCfg = RelWithDebInfo|Win32
		{E0145DF3-1FA9-36DE-B870-E461E0880A59}.RelWithDebInfo|x86.ActiveCfg = RelWithDebInfo|Win32
		{E0145DF3-1FA9-36DE-B870-E461E0880A59}.RelWithDebInfo|x86.Build.0 = RelWithDebInfo|Win32
		{B687237D-EA11-38F4-924A-815C084B1602}.Debug|x64.ActiveCfg = Debug|Win32
		{B687237D-EA11-38F4-924A-815C084B1602}.Debug|x86.ActiveCfg = Debug|Win32
		{B687237D-EA11-38F4-924A-815C084B1602}.Debug|x86.Build.0 = Debug|Win32
		{B687237D-EA11-38F4-924A-815C084B1602}.MinSizeRel|x64.ActiveCfg = MinSizeRel|Win32
		{B687237D-EA11-38F4-924A-815C084B1602}.MinSizeRel|x86.ActiveCfg = MinSizeRel|Win32
		{B687237D-EA11-38F4-924A-815C084B1602}.MinSizeRel|x86.Build.0 = MinSizeRel|Win32
		{B687237D-EA11-38F4-924A-815C084B1602}.Release|x64.ActiveCfg = Release|Win32
		{B687237D-EA11-38F4-924A-815C084B1602}.Release|x86.ActiveCfg = Release|Win32
		{B687237D-EA11-38F4-924A-815C084B1602}.Release|x86.Build.0 = Release|Win32
		{B687237D-EA11-38F4-924A-815C084B1602}.RelWithDebInfo|x64.ActiveCfg = RelWithDebInfo|Win32
		{B687237D-EA11-38F4-924A-815C084B1602}.RelWithDebInfo|x86.ActiveCfg = RelWithDebInfo|Win32
		{B687237D-EA11-38F4-924A-815C084B1602}.RelWithDebInfo|x86.Build.0 = RelWithDebInfo|Win32
		{0622A4A6-D400-36AC-A49C-FE1AC0E2DE4F}.Debug|x64.ActiveCfg = Debug|Win32
		{0622A4A6-D400-36AC-A49C-FE1AC0E2DE4F}.Debug|x86.ActiveCfg = Debug|Win32
		{0622A4A6-D400-36AC-A49C-FE1AC0E2DE4F}.Debug|x86.Build.0 = Debug|Win32
		{0622A4A6-D400-36AC-A49C-FE1AC0E2DE4F}.MinSizeRel|x64.ActiveCfg = MinSizeRel|Win32
		{0622A4A6-D400-36AC-A49C-FE1AC0E2DE4F}.MinSizeRel|x86.ActiveCfg = MinSizeRel|Win32
		{0622A4A6-D400-36AC-A49C-FE1AC0E2DE4F}.MinSizeRel|x86.Build.0 = MinSizeRel|Win32
		{0622A4A6-D400-36AC-A49C-FE1AC0E2DE4F}.Release|x64.ActiveCfg = Release|Win32
		{0622A4A6-D400-36AC-A49C-FE1AC0E2DE4F}.Release|x86.ActiveCfg = Release|Win32
		{0622A4A6-D400-36AC-A49C-FE1AC0E2DE4F}.Release|x86.Build.0 = Release|Win32
		{0622A4A6-D400-36AC-A49C-FE1AC0E2DE4F}.RelWithDebInfo|x64.ActiveCfg = RelWithDebInfo|Win32
		{0622A4A6-D400-36AC-A49C-FE1AC0E2DE4F}.RelWithDebInfo|x86.ActiveCfg = RelWithDebInfo|Win32
		{0622A4A6-D400-36AC-A49C-FE1AC0E2DE4F}.RelWithDebInfo|x86.Build.0 = RelWithDebInfo|Win32
		{F31672DF-D9FB-3664-9079-01D54CC9F268}.Debug|x64.ActiveCfg = Debug|Win32
		{F31672DF-D9FB-3664-9079-01D54CC9F268}.Debug|x86.ActiveCfg = Debug|Win32
		{F31672DF-D9FB-3664-9079-01D54CC9F268}.Debug|x86.Build.0 = Debug|Win32
		{F31672DF-D9FB-3664-9079-01D54CC9F268}.MinSizeRel|x64.ActiveCfg = MinSizeRel|Win32
		{F31672DF-D9FB-3664-9079-01D54CC9F268}.MinSizeRel|x86.ActiveCfg = MinSizeRel|Win32
		{F31672DF-D9FB-3664-9079-01D54CC9F268}.MinSizeRel|x86.Build.0 = MinSizeRel|Win32
		{F31672DF-D9FB-3664-9079-01D54CC9F268}.Release|x64.ActiveCfg = Release|Win32
		{F31672DF-D9FB-3664-9079-01D54CC9F268}.Release|x86.ActiveCfg = Release|Win32
		{F31672DF-D9FB-3664-9079-01D54CC9F268}.Release|x86.Build.0 = Release|Win32
		{F31672DF-D9FB-3664-9079-01D54CC9F268}.RelWithDebInfo|x64.ActiveCfg = RelWithDebInfo|Win32
		{F31672DF-D9FB-3664-9079-01D54CC9F268}.RelWithDebInfo|x86.ActiveCfg = RelWithDebInfo|Win32
		{F31672DF-D9FB-3664-9079-01D54CC9F268}.RelWithDebInfo|x86.Build.0 = RelWithDebInfo|Win32
		{148E66F2-5A2F-34D6-875A-AFFF13712434}.Debug|x64.ActiveCfg = Debug|Win32
		{148E66F2-5A2F-34D6-875A-AFFF13712434}.Debug|x86.ActiveCfg = Debug|Win32
		{148E66F2-5A2F-34D6-875A-AFFF13712434}.Debug|x86.Build.0 = Debug|Win32
		{148E66F2-5A2F-34D6-875A-AFFF13712434}.MinSizeRel|x64.ActiveCfg = MinSizeRel|Win32
		{148E66F2-5A2F-34D6-875A-AFFF13712434}.MinSizeRel|x86.ActiveCfg = MinSizeRel|Win32
		{148E66F2-5A2F-34D6-875A-AFFF13712434}.MinSizeRel|x86.Build.0 = MinSizeRel|Win32
		{148E66F2-5A2F-34D6-875A-AFFF13712434}.Release|x64.ActiveCfg = Release|Win32
		{148E66F2-5A2F-34D6-875A-AFFF13712434}.Release|x86.ActiveCfg = Release|Win32
		{148E66F2-5A2F-34D6-875A-AFFF13712434}.Release|x86.Build.0 = Release|Win32
		{148E66F2-5A2F-34D6-875A-AFFF13712434}.RelWithDebInfo|x64.ActiveCfg = RelWithDebInfo|Win32
		{148E66F2-5A2F-34D6-875A-AFFF13712434}.RelWithDebInfo|x86.ActiveCfg = RelWithDebInfo|Win32
		{148E66F2-5A2F-34D6-875A-AFFF13712434}.RelWithDebInfo|x86.Build.0 = RelWithDebInfo|Win32
		{39F3969D-3372-33F4-9651-2029FD93B6C7}.Debug|x64.ActiveCfg = Debug|Win32
		{39F3969D-3372-33F4-9651-2029FD93B6C7}.Debug|x86.ActiveCfg = Debug|Win32
		{39F3969D-3372-33F4-9651-2029FD93B6C7}.Debug|x86.Build.0 = Debug|Win32
		{39F3969D-3372-33F4-9651-2029FD93B6C7}.MinSizeRel|x64.ActiveCfg = MinSizeRel|Win32
		{39F3969D-3372-33F4-9651-2029FD93B6C7}.MinSizeRel|x86.ActiveCfg = MinSizeRel|Win32
		{39F3969D-3372-33F4-9651-2029FD93B6C7}.MinSizeRel|x86.Build.0 = MinSizeRel|Win32
		{39F3969D-3372-33F4-9651-2029FD93B6C7}.Release|x64.ActiveCfg = Release|Win32
		{39F3969D-3372-33F4-9651-2029FD93B6C7}.Release|x86.ActiveCfg = Release|Win32
		{39F3969D-3372-33F4-9651-2029FD93B6C7}.Release|x86.Build.0 = Release|Win32
		{39F3969D-3372-33F4-9651-2029FD93B6C7}.RelWithDebInfo|x64.ActiveCfg = RelWithDebInfo|Win32
		{39F3969D-3372-33F4-9651-2029FD93B6C7}.RelWithDebInfo|x86.ActiveCfg = RelWithDebInfo|Win32
		{39F3969D-3372-33F4-9651-2029FD93B6C7}.RelWithDebInfo|x86.Build.0 = RelWithDebInfo|Win32
	EndGlobalSection
	GlobalSection(SolutionProperties) = preSolution
		HideSolutionNode = FALSE
	EndGlobalSection
EndGlobal
