
Microsoft Visual Studio Solution File, Format Version 12.00
# Visual Studio 15
VisualStudioVersion = 15.0.26430.15
MinimumVisualStudioVersion = 10.0.40219.1
Project("{8BC9CEB8-8B4A-11D0-8D11-00A0C91BC942}") = "doomlib", "doomlib\doomlib.vcxproj", "{B640A993-351B-409C-8B10-0AB91253DF17}"
EndProject
Project("{8BC9CEB8-8B4A-11D0-8D11-00A0C91BC942}") = "sfml-graphics", "SFML_Build\src\SFML\Graphics\sfml-graphics.vcxproj", "{85F28D41-97A4-32C1-9C1E-836F9BD4A72A}"
EndProject
Project("{8BC9CEB8-8B4A-11D0-8D11-00A0C91BC942}") = "sfml-main", "SFML_Build\src\SFML\Main\sfml-main.vcxproj", "{EC6E2752-4DB8-362B-A34B-007AE44161A9}"
EndProject
Project("{8BC9CEB8-8B4A-11D0-8D11-00A0C91BC942}") = "sfml-network", "SFML_Build\src\SFML\Network\sfml-network.vcxproj", "{895A8501-9D5D-3D93-A457-791D7A486B32}"
EndProject
Project("{8BC9CEB8-8B4A-11D0-8D11-00A0C91BC942}") = "sfml-system", "SFML_Build\src\SFML\System\sfml-system.vcxproj", "{A548911C-3351-3100-849C-C42D49D9914D}"
EndProject
Project("{8BC9CEB8-8B4A-11D0-8D11-00A0C91BC942}") = "sfml-window", "SFML_Build\src\SFML\Window\sfml-window.vcxproj", "{E92FC591-63D8-3F7E-8897-6F736C238A3D}"
EndProject
Project("{8BC9CEB8-8B4A-11D0-8D11-00A0C91BC942}") = "sfml-audio", "SFML_Build\src\SFML\Audio\sfml-audio.vcxproj", "{12328A44-861E-3582-AF72-D270C8200319}"
EndProject
Global
	GlobalSection(SolutionConfigurationPlatforms) = preSolution
		Debug|x64 = Debug|x64
		Debug|x86 = Debug|x86
		MinSizeRel|x64 = MinSizeRel|x64
		MinSizeRel|x86 = MinSizeRel|x86
		Release|x64 = Release|x64
		Release|x86 = Release|x86
		RelWithDebInfo|x64 = RelWithDebInfo|x64
		RelWithDebInfo|x86 = RelWithDebInfo|x86
	EndGlobalSection
	GlobalSection(ProjectConfigurationPlatforms) = postSolution
		{B640A993-351B-409C-8B10-0AB91253DF17}.Debug|x64.ActiveCfg = Debug|x64
		{B640A993-351B-409C-8B10-0AB91253DF17}.Debug|x64.Build.0 = Debug|x64
		{B640A993-351B-409C-8B10-0AB91253DF17}.Debug|x86.ActiveCfg = Debug|Win32
		{B640A993-351B-409C-8B10-0AB91253DF17}.Debug|x86.Build.0 = Debug|Win32
		{B640A993-351B-409C-8B10-0AB91253DF17}.MinSizeRel|x64.ActiveCfg = Release|x64
		{B640A993-351B-409C-8B10-0AB91253DF17}.MinSizeRel|x64.Build.0 = Release|x64
		{B640A993-351B-409C-8B10-0AB91253DF17}.MinSizeRel|x86.ActiveCfg = Release|Win32
		{B640A993-351B-409C-8B10-0AB91253DF17}.MinSizeRel|x86.Build.0 = Release|Win32
		{B640A993-351B-409C-8B10-0AB91253DF17}.Release|x64.ActiveCfg = Release|x64
		{B640A993-351B-409C-8B10-0AB91253DF17}.Release|x64.Build.0 = Release|x64
		{B640A993-351B-409C-8B10-0AB91253DF17}.Release|x86.ActiveCfg = Release|Win32
		{B640A993-351B-409C-8B10-0AB91253DF17}.Release|x86.Build.0 = Release|Win32
		{B640A993-351B-409C-8B10-0AB91253DF17}.RelWithDebInfo|x64.ActiveCfg = Release|x64
		{B640A993-351B-409C-8B10-0AB91253DF17}.RelWithDebInfo|x64.Build.0 = Release|x64
		{B640A993-351B-409C-8B10-0AB91253DF17}.RelWithDebInfo|x86.ActiveCfg = Release|Win32
		{B640A993-351B-409C-8B10-0AB91253DF17}.RelWithDebInfo|x86.Build.0 = Release|Win32
		{85F28D41-97A4-32C1-9C1E-836F9BD4A72A}.Debug|x64.ActiveCfg = Debug|Win32
		{85F28D41-97A4-32C1-9C1E-836F9BD4A72A}.Debug|x86.ActiveCfg = Debug|Win32
		{85F28D41-97A4-32C1-9C1E-836F9BD4A72A}.Debug|x86.Build.0 = Debug|Win32
		{85F28D41-97A4-32C1-9C1E-836F9BD4A72A}.MinSizeRel|x64.ActiveCfg = MinSizeRel|Win32
		{85F28D41-97A4-32C1-9C1E-836F9BD4A72A}.MinSizeRel|x86.ActiveCfg = MinSizeRel|Win32
		{85F28D41-97A4-32C1-9C1E-836F9BD4A72A}.MinSizeRel|x86.Build.0 = MinSizeRel|Win32
		{85F28D41-97A4-32C1-9C1E-836F9BD4A72A}.Release|x64.ActiveCfg = Release|Win32
		{85F28D41-97A4-32C1-9C1E-836F9BD4A72A}.Release|x86.ActiveCfg = Release|Win32
		{85F28D41-97A4-32C1-9C1E-836F9BD4A72A}.Release|x86.Build.0 = Release|Win32
		{85F28D41-97A4-32C1-9C1E-836F9BD4A72A}.RelWithDebInfo|x64.ActiveCfg = RelWithDebInfo|Win32
		{85F28D41-97A4-32C1-9C1E-836F9BD4A72A}.RelWithDebInfo|x86.ActiveCfg = RelWithDebInfo|Win32
		{85F28D41-97A4-32C1-9C1E-836F9BD4A72A}.RelWithDebInfo|x86.Build.0 = RelWithDebInfo|Win32
		{EC6E2752-4DB8-362B-A34B-007AE44161A9}.Debug|x64.ActiveCfg = Debug|Win32
		{EC6E2752-4DB8-362B-A34B-007AE44161A9}.Debug|x86.ActiveCfg = Debug|Win32
		{EC6E2752-4DB8-362B-A34B-007AE44161A9}.Debug|x86.Build.0 = Debug|Win32
		{EC6E2752-4DB8-362B-A34B-007AE44161A9}.MinSizeRel|x64.ActiveCfg = MinSizeRel|Win32
		{EC6E2752-4DB8-362B-A34B-007AE44161A9}.MinSizeRel|x86.ActiveCfg = MinSizeRel|Win32
		{EC6E2752-4DB8-362B-A34B-007AE44161A9}.MinSizeRel|x86.Build.0 = MinSizeRel|Win32
		{EC6E2752-4DB8-362B-A34B-007AE44161A9}.Release|x64.ActiveCfg = Release|Win32
		{EC6E2752-4DB8-362B-A34B-007AE44161A9}.Release|x86.ActiveCfg = Release|Win32
		{EC6E2752-4DB8-362B-A34B-007AE44161A9}.Release|x86.Build.0 = Release|Win32
		{EC6E2752-4DB8-362B-A34B-007AE44161A9}.RelWithDebInfo|x64.ActiveCfg = RelWithDebInfo|Win32
		{EC6E2752-4DB8-362B-A34B-007AE44161A9}.RelWithDebInfo|x86.ActiveCfg = RelWithDebInfo|Win32
		{EC6E2752-4DB8-362B-A34B-007AE44161A9}.RelWithDebInfo|x86.Build.0 = RelWithDebInfo|Win32
		{895A8501-9D5D-3D93-A457-791D7A486B32}.Debug|x64.ActiveCfg = Debug|Win32
		{895A8501-9D5D-3D93-A457-791D7A486B32}.Debug|x86.ActiveCfg = Debug|Win32
		{895A8501-9D5D-3D93-A457-791D7A486B32}.Debug|x86.Build.0 = Debug|Win32
		{895A8501-9D5D-3D93-A457-791D7A486B32}.MinSizeRel|x64.ActiveCfg = MinSizeRel|Win32
		{895A8501-9D5D-3D93-A457-791D7A486B32}.MinSizeRel|x86.ActiveCfg = MinSizeRel|Win32
		{895A8501-9D5D-3D93-A457-791D7A486B32}.MinSizeRel|x86.Build.0 = MinSizeRel|Win32
		{895A8501-9D5D-3D93-A457-791D7A486B32}.Release|x64.ActiveCfg = Release|Win32
		{895A8501-9D5D-3D93-A457-791D7A486B32}.Release|x86.ActiveCfg = Release|Win32
		{895A8501-9D5D-3D93-A457-791D7A486B32}.Release|x86.Build.0 = Release|Win32
		{895A8501-9D5D-3D93-A457-791D7A486B32}.RelWithDebInfo|x64.ActiveCfg = RelWithDebInfo|Win32
		{895A8501-9D5D-3D93-A457-791D7A486B32}.RelWithDebInfo|x86.ActiveCfg = RelWithDebInfo|Win32
		{895A8501-9D5D-3D93-A457-791D7A486B32}.RelWithDebInfo|x86.Build.0 = RelWithDebInfo|Win32
		{A548911C-3351-3100-849C-C42D49D9914D}.Debug|x64.ActiveCfg = Debug|Win32
		{A548911C-3351-3100-849C-C42D49D9914D}.Debug|x86.ActiveCfg = Debug|Win32
		{A548911C-3351-3100-849C-C42D49D9914D}.Debug|x86.Build.0 = Debug|Win32
		{A548911C-3351-3100-849C-C42D49D9914D}.MinSizeRel|x64.ActiveCfg = MinSizeRel|Win32
		{A548911C-3351-3100-849C-C42D49D9914D}.MinSizeRel|x86.ActiveCfg = MinSizeRel|Win32
		{A548911C-3351-3100-849C-C42D49D9914D}.MinSizeRel|x86.Build.0 = MinSizeRel|Win32
		{A548911C-3351-3100-849C-C42D49D9914D}.Release|x64.ActiveCfg = Release|Win32
		{A548911C-3351-3100-849C-C42D49D9914D}.Release|x86.ActiveCfg = Release|Win32
		{A548911C-3351-3100-849C-C42D49D9914D}.Release|x86.Build.0 = Release|Win32
		{A548911C-3351-3100-849C-C42D49D9914D}.RelWithDebInfo|x64.ActiveCfg = RelWithDebInfo|Win32
		{A548911C-3351-3100-849C-C42D49D9914D}.RelWithDebInfo|x86.ActiveCfg = RelWithDebInfo|Win32
		{A548911C-3351-3100-849C-C42D49D9914D}.RelWithDebInfo|x86.Build.0 = RelWithDebInfo|Win32
		{E92FC591-63D8-3F7E-8897-6F736C238A3D}.Debug|x64.ActiveCfg = Debug|Win32
		{E92FC591-63D8-3F7E-8897-6F736C238A3D}.Debug|x86.ActiveCfg = Debug|Win32
		{E92FC591-63D8-3F7E-8897-6F736C238A3D}.Debug|x86.Build.0 = Debug|Win32
		{E92FC591-63D8-3F7E-8897-6F736C238A3D}.MinSizeRel|x64.ActiveCfg = MinSizeRel|Win32
		{E92FC591-63D8-3F7E-8897-6F736C238A3D}.MinSizeRel|x86.ActiveCfg = MinSizeRel|Win32
		{E92FC591-63D8-3F7E-8897-6F736C238A3D}.MinSizeRel|x86.Build.0 = MinSizeRel|Win32
		{E92FC591-63D8-3F7E-8897-6F736C238A3D}.Release|x64.ActiveCfg = Release|Win32
		{E92FC591-63D8-3F7E-8897-6F736C238A3D}.Release|x86.ActiveCfg = Release|Win32
		{E92FC591-63D8-3F7E-8897-6F736C238A3D}.Release|x86.Build.0 = Release|Win32
		{E92FC591-63D8-3F7E-8897-6F736C238A3D}.RelWithDebInfo|x64.ActiveCfg = RelWithDebInfo|Win32
		{E92FC591-63D8-3F7E-8897-6F736C238A3D}.RelWithDebInfo|x86.ActiveCfg = RelWithDebInfo|Win32
		{E92FC591-63D8-3F7E-8897-6F736C238A3D}.RelWithDebInfo|x86.Build.0 = RelWithDebInfo|Win32
		{12328A44-861E-3582-AF72-D270C8200319}.Debug|x64.ActiveCfg = Debug|Win32
		{12328A44-861E-3582-AF72-D270C8200319}.Debug|x86.ActiveCfg = Debug|Win32
		{12328A44-861E-3582-AF72-D270C8200319}.Debug|x86.Build.0 = Debug|Win32
		{12328A44-861E-3582-AF72-D270C8200319}.MinSizeRel|x64.ActiveCfg = MinSizeRel|Win32
		{12328A44-861E-3582-AF72-D270C8200319}.MinSizeRel|x86.ActiveCfg = MinSizeRel|Win32
		{12328A44-861E-3582-AF72-D270C8200319}.MinSizeRel|x86.Build.0 = MinSizeRel|Win32
		{12328A44-861E-3582-AF72-D270C8200319}.Release|x64.ActiveCfg = Release|Win32
		{12328A44-861E-3582-AF72-D270C8200319}.Release|x86.ActiveCfg = Release|Win32
		{12328A44-861E-3582-AF72-D270C8200319}.Release|x86.Build.0 = Release|Win32
		{12328A44-861E-3582-AF72-D270C8200319}.RelWithDebInfo|x64.ActiveCfg = RelWithDebInfo|Win32
		{12328A44-861E-3582-AF72-D270C8200319}.RelWithDebInfo|x86.ActiveCfg = RelWithDebInfo|Win32
		{12328A44-861E-3582-AF72-D270C8200319}.RelWithDebInfo|x86.Build.0 = RelWithDebInfo|Win32
	EndGlobalSection
	GlobalSection(SolutionProperties) = preSolution
		HideSolutionNode = FALSE
	EndGlobalSection
EndGlobal
