<?xml version="1.0" encoding="UTF-8"?>
<Project ToolsVersion="15.0" xmlns="http://schemas.microsoft.com/developer/msbuild/2003">
  <ItemGroup>
    <CustomBuild Include="D:\Documents\GitHub\crispy-doom\doomlib\SFML_Build\CMakeFiles\a300cfcf50b90b1cb78bcade93328e7d\INSTALL_force.rule">
      <Filter>CMake Rules</Filter>
    </CustomBuild>
  </ItemGroup>
  <ItemGroup>
    <Filter Include="CMake Rules">
      <UniqueIdentifier>{B8FB7163-59C9-3407-AF4A-A88154B0CDF0}</UniqueIdentifier>
    </Filter>
  </ItemGroup>
</Project>
