Microsoft Visual Studio Solution File, Format Version 12.00
# Visual Studio 15
Project("{2150E333-8FDC-42A3-9474-1A3956D46DE8}") = "CMake", "CMake", "{15F8F647-75F9-3FBE-A222-12BAF6663D5F}"
EndProject
Project("{2150E333-8FDC-42A3-9474-1A3956D46DE8}") = "Examples", "Examples", "{AC449639-E0EB-35EC-AFEC-795DB2D79089}"
EndProject
Project("{2150E333-8FDC-42A3-9474-1A3956D46DE8}") = "SFML", "SFML", "{C300367E-C150-3F05-9469-3DDC20F8F2A3}"
EndProject
Project("{8BC9CEB8-8B4A-11D0-8D11-00A0C91BC942}") = "ALL_BUILD", "ALL_BUILD.vcxproj", "{CA48EB33-D429-37B5-81EE-4D09891DBCB6}"
	ProjectSection(ProjectDependencies) = postProject
		{A9143D32-1353-3E81-8640-9A2160CD91F8} = {A9143D32-1353-3E81-8640-9A2160CD91F8}
		{A2F7D1A7-F34A-318E-934F-7C87BA2FD46C} = {A2F7D1A7-F34A-318E-934F-7C87BA2FD46C}
		{80B3354F-86A5-329B-84CE-9009561C3FD0} = {80B3354F-86A5-329B-84CE-9009561C3FD0}
		{B58A45E2-2425-33D1-98CA-3B5E71DA888A} = {B58A45E2-2425-33D1-98CA-3B5E71DA888A}
		{12328A44-861E-3582-AF72-D270C8200319} = {12328A44-861E-3582-AF72-D270C8200319}
		{85F28D41-97A4-32C1-9C1E-836F9BD4A72A} = {85F28D41-97A4-32C1-9C1E-836F9BD4A72A}
		{EC6E2752-4DB8-362B-A34B-007AE44161A9} = {EC6E2752-4DB8-362B-A34B-007AE44161A9}
		{895A8501-9D5D-3D93-A457-791D7A486B32} = {895A8501-9D5D-3D93-A457-791D7A486B32}
		{A548911C-3351-3100-849C-C42D49D9914D} = {A548911C-3351-3100-849C-C42D49D9914D}
		{E92FC591-63D8-3F7E-8897-6F736C238A3D} = {E92FC591-63D8-3F7E-8897-6F736C238A3D}
		{BAD9E588-CB70-3354-9BD1-25891EBBD75A} = {BAD9E588-CB70-3354-9BD1-25891EBBD75A}
		{2E6EA85E-B4ED-3EEA-8BE1-7B882955E6B4} = {2E6EA85E-B4ED-3EEA-8BE1-7B882955E6B4}
		{A6CFC082-C566-35AF-BD6F-95786A91E333} = {A6CFC082-C566-35AF-BD6F-95786A91E333}
		{1FD3FDF9-54BA-30B1-9535-21B33C9CCB44} = {1FD3FDF9-54BA-30B1-9535-21B33C9CCB44}
		{40C6DE35-DC5D-304F-9DEE-7A9F7528BAC6} = {40C6DE35-DC5D-304F-9DEE-7A9F7528BAC6}
		{60226ABB-CF7B-3B5B-AC6D-3AB07632F292} = {60226ABB-CF7B-3B5B-AC6D-3AB07632F292}
		{ECFF10EF-6A72-3433-A2EF-4859DED97895} = {ECFF10EF-6A72-3433-A2EF-4859DED97895}
	EndProjectSection
EndProject
Project("{8BC9CEB8-8B4A-11D0-8D11-00A0C91BC942}") = "INSTALL", "INSTALL.vcxproj", "{DC2A5EF4-4C9E-39F9-8A53-9E90ECB98170}"
	ProjectSection(ProjectDependencies) = postProject
		{CA48EB33-D429-37B5-81EE-4D09891DBCB6} = {CA48EB33-D429-37B5-81EE-4D09891DBCB6}
		{A9143D32-1353-3E81-8640-9A2160CD91F8} = {A9143D32-1353-3E81-8640-9A2160CD91F8}
	EndProjectSection
EndProject
Project("{8BC9CEB8-8B4A-11D0-8D11-00A0C91BC942}") = "ZERO_CHECK", "ZERO_CHECK.vcxproj", "{A9143D32-1353-3E81-8640-9A2160CD91F8}"
	ProjectSection(ProjectDependencies) = postProject
	EndProjectSection
EndProject
Project("{8BC9CEB8-8B4A-11D0-8D11-00A0C91BC942}") = "ftp", "examples\ftp\ftp.vcxproj", "{A2F7D1A7-F34A-318E-934F-7C87BA2FD46C}"
	ProjectSection(ProjectDependencies) = postProject
		{A9143D32-1353-3E81-8640-9A2160CD91F8} = {A9143D32-1353-3E81-8640-9A2160CD91F8}
		{895A8501-9D5D-3D93-A457-791D7A486B32} = {895A8501-9D5D-3D93-A457-791D7A486B32}
		{A548911C-3351-3100-849C-C42D49D9914D} = {A548911C-3351-3100-849C-C42D49D9914D}
	EndProjectSection
EndProject
Project("{8BC9CEB8-8B4A-11D0-8D11-00A0C91BC942}") = "opengl", "examples\opengl\opengl.vcxproj", "{80B3354F-86A5-329B-84CE-9009561C3FD0}"
	ProjectSection(ProjectDependencies) = postProject
		{A9143D32-1353-3E81-8640-9A2160CD91F8} = {A9143D32-1353-3E81-8640-9A2160CD91F8}
		{85F28D41-97A4-32C1-9C1E-836F9BD4A72A} = {85F28D41-97A4-32C1-9C1E-836F9BD4A72A}
		{A548911C-3351-3100-849C-C42D49D9914D} = {A548911C-3351-3100-849C-C42D49D9914D}
		{E92FC591-63D8-3F7E-8897-6F736C238A3D} = {E92FC591-63D8-3F7E-8897-6F736C238A3D}
	EndProjectSection
EndProject
Project("{8BC9CEB8-8B4A-11D0-8D11-00A0C91BC942}") = "pong", "examples\pong\pong.vcxproj", "{B58A45E2-2425-33D1-98CA-3B5E71DA888A}"
	ProjectSection(ProjectDependencies) = postProject
		{A9143D32-1353-3E81-8640-9A2160CD91F8} = {A9143D32-1353-3E81-8640-9A2160CD91F8}
		{12328A44-861E-3582-AF72-D270C8200319} = {12328A44-861E-3582-AF72-D270C8200319}
		{85F28D41-97A4-32C1-9C1E-836F9BD4A72A} = {85F28D41-97A4-32C1-9C1E-836F9BD4A72A}
		{A548911C-3351-3100-849C-C42D49D9914D} = {A548911C-3351-3100-849C-C42D49D9914D}
		{E92FC591-63D8-3F7E-8897-6F736C238A3D} = {E92FC591-63D8-3F7E-8897-6F736C238A3D}
	EndProjectSection
EndProject
Project("{8BC9CEB8-8B4A-11D0-8D11-00A0C91BC942}") = "sfml-audio", "src\SFML\Audio\sfml-audio.vcxproj", "{12328A44-861E-3582-AF72-D270C8200319}"
	ProjectSection(ProjectDependencies) = postProject
		{A9143D32-1353-3E81-8640-9A2160CD91F8} = {A9143D32-1353-3E81-8640-9A2160CD91F8}
		{A548911C-3351-3100-849C-C42D49D9914D} = {A548911C-3351-3100-849C-C42D49D9914D}
	EndProjectSection
EndProject
Project("{8BC9CEB8-8B4A-11D0-8D11-00A0C91BC942}") = "sfml-graphics", "src\SFML\Graphics\sfml-graphics.vcxproj", "{85F28D41-97A4-32C1-9C1E-836F9BD4A72A}"
	ProjectSection(ProjectDependencies) = postProject
		{A9143D32-1353-3E81-8640-9A2160CD91F8} = {A9143D32-1353-3E81-8640-9A2160CD91F8}
		{A548911C-3351-3100-849C-C42D49D9914D} = {A548911C-3351-3100-849C-C42D49D9914D}
		{E92FC591-63D8-3F7E-8897-6F736C238A3D} = {E92FC591-63D8-3F7E-8897-6F736C238A3D}
	EndProjectSection
EndProject
Project("{8BC9CEB8-8B4A-11D0-8D11-00A0C91BC942}") = "sfml-main", "src\SFML\Main\sfml-main.vcxproj", "{EC6E2752-4DB8-362B-A34B-007AE44161A9}"
	ProjectSection(ProjectDependencies) = postProject
		{A9143D32-1353-3E81-8640-9A2160CD91F8} = {A9143D32-1353-3E81-8640-9A2160CD91F8}
	EndProjectSection
EndProject
Project("{8BC9CEB8-8B4A-11D0-8D11-00A0C91BC942}") = "sfml-network", "src\SFML\Network\sfml-network.vcxproj", "{895A8501-9D5D-3D93-A457-791D7A486B32}"
	ProjectSection(ProjectDependencies) = postProject
		{A9143D32-1353-3E81-8640-9A2160CD91F8} = {A9143D32-1353-3E81-8640-9A2160CD91F8}
		{A548911C-3351-3100-849C-C42D49D9914D} = {A548911C-3351-3100-849C-C42D49D9914D}
	EndProjectSection
EndProject
Project("{8BC9CEB8-8B4A-11D0-8D11-00A0C91BC942}") = "sfml-system", "src\SFML\System\sfml-system.vcxproj", "{A548911C-3351-3100-849C-C42D49D9914D}"
	ProjectSection(ProjectDependencies) = postProject
		{A9143D32-1353-3E81-8640-9A2160CD91F8} = {A9143D32-1353-3E81-8640-9A2160CD91F8}
	EndProjectSection
EndProject
Project("{8BC9CEB8-8B4A-11D0-8D11-00A0C91BC942}") = "sfml-window", "src\SFML\Window\sfml-window.vcxproj", "{E92FC591-63D8-3F7E-8897-6F736C238A3D}"
	ProjectSection(ProjectDependencies) = postProject
		{A9143D32-1353-3E81-8640-9A2160CD91F8} = {A9143D32-1353-3E81-8640-9A2160CD91F8}
		{A548911C-3351-3100-849C-C42D49D9914D} = {A548911C-3351-3100-849C-C42D49D9914D}
	EndProjectSection
EndProject
Project("{8BC9CEB8-8B4A-11D0-8D11-00A0C91BC942}") = "shader", "examples\shader\shader.vcxproj", "{BAD9E588-CB70-3354-9BD1-25891EBBD75A}"
	ProjectSection(ProjectDependencies) = postProject
		{A9143D32-1353-3E81-8640-9A2160CD91F8} = {A9143D32-1353-3E81-8640-9A2160CD91F8}
		{85F28D41-97A4-32C1-9C1E-836F9BD4A72A} = {85F28D41-97A4-32C1-9C1E-836F9BD4A72A}
		{A548911C-3351-3100-849C-C42D49D9914D} = {A548911C-3351-3100-849C-C42D49D9914D}
		{E92FC591-63D8-3F7E-8897-6F736C238A3D} = {E92FC591-63D8-3F7E-8897-6F736C238A3D}
	EndProjectSection
EndProject
Project("{8BC9CEB8-8B4A-11D0-8D11-00A0C91BC942}") = "sockets", "examples\sockets\sockets.vcxproj", "{2E6EA85E-B4ED-3EEA-8BE1-7B882955E6B4}"
	ProjectSection(ProjectDependencies) = postProject
		{A9143D32-1353-3E81-8640-9A2160CD91F8} = {A9143D32-1353-3E81-8640-9A2160CD91F8}
		{895A8501-9D5D-3D93-A457-791D7A486B32} = {895A8501-9D5D-3D93-A457-791D7A486B32}
		{A548911C-3351-3100-849C-C42D49D9914D} = {A548911C-3351-3100-849C-C42D49D9914D}
	EndProjectSection
EndProject
Project("{8BC9CEB8-8B4A-11D0-8D11-00A0C91BC942}") = "sound", "examples\sound\sound.vcxproj", "{A6CFC082-C566-35AF-BD6F-95786A91E333}"
	ProjectSection(ProjectDependencies) = postProject
		{A9143D32-1353-3E81-8640-9A2160CD91F8} = {A9143D32-1353-3E81-8640-9A2160CD91F8}
		{12328A44-861E-3582-AF72-D270C8200319} = {12328A44-861E-3582-AF72-D270C8200319}
		{A548911C-3351-3100-849C-C42D49D9914D} = {A548911C-3351-3100-849C-C42D49D9914D}
	EndProjectSection
EndProject
Project("{8BC9CEB8-8B4A-11D0-8D11-00A0C91BC942}") = "sound-capture", "examples\sound_capture\sound-capture.vcxproj", "{1FD3FDF9-54BA-30B1-9535-21B33C9CCB44}"
	ProjectSection(ProjectDependencies) = postProject
		{A9143D32-1353-3E81-8640-9A2160CD91F8} = {A9143D32-1353-3E81-8640-9A2160CD91F8}
		{12328A44-861E-3582-AF72-D270C8200319} = {12328A44-861E-3582-AF72-D270C8200319}
		{A548911C-3351-3100-849C-C42D49D9914D} = {A548911C-3351-3100-849C-C42D49D9914D}
	EndProjectSection
EndProject
Project("{8BC9CEB8-8B4A-11D0-8D11-00A0C91BC942}") = "voip", "examples\voip\voip.vcxproj", "{40C6DE35-DC5D-304F-9DEE-7A9F7528BAC6}"
	ProjectSection(ProjectDependencies) = postProject
		{A9143D32-1353-3E81-8640-9A2160CD91F8} = {A9143D32-1353-3E81-8640-9A2160CD91F8}
		{12328A44-861E-3582-AF72-D270C8200319} = {12328A44-861E-3582-AF72-D270C8200319}
		{895A8501-9D5D-3D93-A457-791D7A486B32} = {895A8501-9D5D-3D93-A457-791D7A486B32}
		{A548911C-3351-3100-849C-C42D49D9914D} = {A548911C-3351-3100-849C-C42D49D9914D}
	EndProjectSection
EndProject
Project("{8BC9CEB8-8B4A-11D0-8D11-00A0C91BC942}") = "win32", "examples\win32\win32.vcxproj", "{60226ABB-CF7B-3B5B-AC6D-3AB07632F292}"
	ProjectSection(ProjectDependencies) = postProject
		{A9143D32-1353-3E81-8640-9A2160CD91F8} = {A9143D32-1353-3E81-8640-9A2160CD91F8}
		{85F28D41-97A4-32C1-9C1E-836F9BD4A72A} = {85F28D41-97A4-32C1-9C1E-836F9BD4A72A}
		{A548911C-3351-3100-849C-C42D49D9914D} = {A548911C-3351-3100-849C-C42D49D9914D}
		{E92FC591-63D8-3F7E-8897-6F736C238A3D} = {E92FC591-63D8-3F7E-8897-6F736C238A3D}
	EndProjectSection
EndProject
Project("{8BC9CEB8-8B4A-11D0-8D11-00A0C91BC942}") = "window", "examples\window\window.vcxproj", "{ECFF10EF-6A72-3433-A2EF-4859DED97895}"
	ProjectSection(ProjectDependencies) = postProject
		{A9143D32-1353-3E81-8640-9A2160CD91F8} = {A9143D32-1353-3E81-8640-9A2160CD91F8}
		{A548911C-3351-3100-849C-C42D49D9914D} = {A548911C-3351-3100-849C-C42D49D9914D}
		{E92FC591-63D8-3F7E-8897-6F736C238A3D} = {E92FC591-63D8-3F7E-8897-6F736C238A3D}
	EndProjectSection
EndProject
Global
	GlobalSection(SolutionConfigurationPlatforms) = preSolution
		Debug|Win32 = Debug|Win32
		Release|Win32 = Release|Win32
		MinSizeRel|Win32 = MinSizeRel|Win32
		RelWithDebInfo|Win32 = RelWithDebInfo|Win32
	EndGlobalSection
	GlobalSection(ProjectConfigurationPlatforms) = postSolution
		{CA48EB33-D429-37B5-81EE-4D09891DBCB6}.Debug|Win32.ActiveCfg = Debug|Win32
		{CA48EB33-D429-37B5-81EE-4D09891DBCB6}.Debug|Win32.Build.0 = Debug|Win32
		{CA48EB33-D429-37B5-81EE-4D09891DBCB6}.Release|Win32.ActiveCfg = Release|Win32
		{CA48EB33-D429-37B5-81EE-4D09891DBCB6}.Release|Win32.Build.0 = Release|Win32
		{CA48EB33-D429-37B5-81EE-4D09891DBCB6}.MinSizeRel|Win32.ActiveCfg = MinSizeRel|Win32
		{CA48EB33-D429-37B5-81EE-4D09891DBCB6}.MinSizeRel|Win32.Build.0 = MinSizeRel|Win32
		{CA48EB33-D429-37B5-81EE-4D09891DBCB6}.RelWithDebInfo|Win32.ActiveCfg = RelWithDebInfo|Win32
		{CA48EB33-D429-37B5-81EE-4D09891DBCB6}.RelWithDebInfo|Win32.Build.0 = RelWithDebInfo|Win32
		{DC2A5EF4-4C9E-39F9-8A53-9E90ECB98170}.Debug|Win32.ActiveCfg = Debug|Win32
		{DC2A5EF4-4C9E-39F9-8A53-9E90ECB98170}.Release|Win32.ActiveCfg = Release|Win32
		{DC2A5EF4-4C9E-39F9-8A53-9E90ECB98170}.MinSizeRel|Win32.ActiveCfg = MinSizeRel|Win32
		{DC2A5EF4-4C9E-39F9-8A53-9E90ECB98170}.RelWithDebInfo|Win32.ActiveCfg = RelWithDebInfo|Win32
		{A9143D32-1353-3E81-8640-9A2160CD91F8}.Debug|Win32.ActiveCfg = Debug|Win32
		{A9143D32-1353-3E81-8640-9A2160CD91F8}.Debug|Win32.Build.0 = Debug|Win32
		{A9143D32-1353-3E81-8640-9A2160CD91F8}.Release|Win32.ActiveCfg = Release|Win32
		{A9143D32-1353-3E81-8640-9A2160CD91F8}.Release|Win32.Build.0 = Release|Win32
		{A9143D32-1353-3E81-8640-9A2160CD91F8}.MinSizeRel|Win32.ActiveCfg = MinSizeRel|Win32
		{A9143D32-1353-3E81-8640-9A2160CD91F8}.MinSizeRel|Win32.Build.0 = MinSizeRel|Win32
		{A9143D32-1353-3E81-8640-9A2160CD91F8}.RelWithDebInfo|Win32.ActiveCfg = RelWithDebInfo|Win32
		{A9143D32-1353-3E81-8640-9A2160CD91F8}.RelWithDebInfo|Win32.Build.0 = RelWithDebInfo|Win32
		{A2F7D1A7-F34A-318E-934F-7C87BA2FD46C}.Debug|Win32.ActiveCfg = Debug|Win32
		{A2F7D1A7-F34A-318E-934F-7C87BA2FD46C}.Debug|Win32.Build.0 = Debug|Win32
		{A2F7D1A7-F34A-318E-934F-7C87BA2FD46C}.Release|Win32.ActiveCfg = Release|Win32
		{A2F7D1A7-F34A-318E-934F-7C87BA2FD46C}.Release|Win32.Build.0 = Release|Win32
		{A2F7D1A7-F34A-318E-934F-7C87BA2FD46C}.MinSizeRel|Win32.ActiveCfg = MinSizeRel|Win32
		{A2F7D1A7-F34A-318E-934F-7C87BA2FD46C}.MinSizeRel|Win32.Build.0 = MinSizeRel|Win32
		{A2F7D1A7-F34A-318E-934F-7C87BA2FD46C}.RelWithDebInfo|Win32.ActiveCfg = RelWithDebInfo|Win32
		{A2F7D1A7-F34A-318E-934F-7C87BA2FD46C}.RelWithDebInfo|Win32.Build.0 = RelWithDebInfo|Win32
		{80B3354F-86A5-329B-84CE-9009561C3FD0}.Debug|Win32.ActiveCfg = Debug|Win32
		{80B3354F-86A5-329B-84CE-9009561C3FD0}.Debug|Win32.Build.0 = Debug|Win32
		{80B3354F-86A5-329B-84CE-9009561C3FD0}.Release|Win32.ActiveCfg = Release|Win32
		{80B3354F-86A5-329B-84CE-9009561C3FD0}.Release|Win32.Build.0 = Release|Win32
		{80B3354F-86A5-329B-84CE-9009561C3FD0}.MinSizeRel|Win32.ActiveCfg = MinSizeRel|Win32
		{80B3354F-86A5-329B-84CE-9009561C3FD0}.MinSizeRel|Win32.Build.0 = MinSizeRel|Win32
		{80B3354F-86A5-329B-84CE-9009561C3FD0}.RelWithDebInfo|Win32.ActiveCfg = RelWithDebInfo|Win32
		{80B3354F-86A5-329B-84CE-9009561C3FD0}.RelWithDebInfo|Win32.Build.0 = RelWithDebInfo|Win32
		{B58A45E2-2425-33D1-98CA-3B5E71DA888A}.Debug|Win32.ActiveCfg = Debug|Win32
		{B58A45E2-2425-33D1-98CA-3B5E71DA888A}.Debug|Win32.Build.0 = Debug|Win32
		{B58A45E2-2425-33D1-98CA-3B5E71DA888A}.Release|Win32.ActiveCfg = Release|Win32
		{B58A45E2-2425-33D1-98CA-3B5E71DA888A}.Release|Win32.Build.0 = Release|Win32
		{B58A45E2-2425-33D1-98CA-3B5E71DA888A}.MinSizeRel|Win32.ActiveCfg = MinSizeRel|Win32
		{B58A45E2-2425-33D1-98CA-3B5E71DA888A}.MinSizeRel|Win32.Build.0 = MinSizeRel|Win32
		{B58A45E2-2425-33D1-98CA-3B5E71DA888A}.RelWithDebInfo|Win32.ActiveCfg = RelWithDebInfo|Win32
		{B58A45E2-2425-33D1-98CA-3B5E71DA888A}.RelWithDebInfo|Win32.Build.0 = RelWithDebInfo|Win32
		{12328A44-861E-3582-AF72-D270C8200319}.Debug|Win32.ActiveCfg = Debug|Win32
		{12328A44-861E-3582-AF72-D270C8200319}.Debug|Win32.Build.0 = Debug|Win32
		{12328A44-861E-3582-AF72-D270C8200319}.Release|Win32.ActiveCfg = Release|Win32
		{12328A44-861E-3582-AF72-D270C8200319}.Release|Win32.Build.0 = Release|Win32
		{12328A44-861E-3582-AF72-D270C8200319}.MinSizeRel|Win32.ActiveCfg = MinSizeRel|Win32
		{12328A44-861E-3582-AF72-D270C8200319}.MinSizeRel|Win32.Build.0 = MinSizeRel|Win32
		{12328A44-861E-3582-AF72-D270C8200319}.RelWithDebInfo|Win32.ActiveCfg = RelWithDebInfo|Win32
		{12328A44-861E-3582-AF72-D270C8200319}.RelWithDebInfo|Win32.Build.0 = RelWithDebInfo|Win32
		{85F28D41-97A4-32C1-9C1E-836F9BD4A72A}.Debug|Win32.ActiveCfg = Debug|Win32
		{85F28D41-97A4-32C1-9C1E-836F9BD4A72A}.Debug|Win32.Build.0 = Debug|Win32
		{85F28D41-97A4-32C1-9C1E-836F9BD4A72A}.Release|Win32.ActiveCfg = Release|Win32
		{85F28D41-97A4-32C1-9C1E-836F9BD4A72A}.Release|Win32.Build.0 = Release|Win32
		{85F28D41-97A4-32C1-9C1E-836F9BD4A72A}.MinSizeRel|Win32.ActiveCfg = MinSizeRel|Win32
		{85F28D41-97A4-32C1-9C1E-836F9BD4A72A}.MinSizeRel|Win32.Build.0 = MinSizeRel|Win32
		{85F28D41-97A4-32C1-9C1E-836F9BD4A72A}.RelWithDebInfo|Win32.ActiveCfg = RelWithDebInfo|Win32
		{85F28D41-97A4-32C1-9C1E-836F9BD4A72A}.RelWithDebInfo|Win32.Build.0 = RelWithDebInfo|Win32
		{EC6E2752-4DB8-362B-A34B-007AE44161A9}.Debug|Win32.ActiveCfg = Debug|Win32
		{EC6E2752-4DB8-362B-A34B-007AE44161A9}.Debug|Win32.Build.0 = Debug|Win32
		{EC6E2752-4DB8-362B-A34B-007AE44161A9}.Release|Win32.ActiveCfg = Release|Win32
		{EC6E2752-4DB8-362B-A34B-007AE44161A9}.Release|Win32.Build.0 = Release|Win32
		{EC6E2752-4DB8-362B-A34B-007AE44161A9}.MinSizeRel|Win32.ActiveCfg = MinSizeRel|Win32
		{EC6E2752-4DB8-362B-A34B-007AE44161A9}.MinSizeRel|Win32.Build.0 = MinSizeRel|Win32
		{EC6E2752-4DB8-362B-A34B-007AE44161A9}.RelWithDebInfo|Win32.ActiveCfg = RelWithDebInfo|Win32
		{EC6E2752-4DB8-362B-A34B-007AE44161A9}.RelWithDebInfo|Win32.Build.0 = RelWithDebInfo|Win32
		{895A8501-9D5D-3D93-A457-791D7A486B32}.Debug|Win32.ActiveCfg = Debug|Win32
		{895A8501-9D5D-3D93-A457-791D7A486B32}.Debug|Win32.Build.0 = Debug|Win32
		{895A8501-9D5D-3D93-A457-791D7A486B32}.Release|Win32.ActiveCfg = Release|Win32
		{895A8501-9D5D-3D93-A457-791D7A486B32}.Release|Win32.Build.0 = Release|Win32
		{895A8501-9D5D-3D93-A457-791D7A486B32}.MinSizeRel|Win32.ActiveCfg = MinSizeRel|Win32
		{895A8501-9D5D-3D93-A457-791D7A486B32}.MinSizeRel|Win32.Build.0 = MinSizeRel|Win32
		{895A8501-9D5D-3D93-A457-791D7A486B32}.RelWithDebInfo|Win32.ActiveCfg = RelWithDebInfo|Win32
		{895A8501-9D5D-3D93-A457-791D7A486B32}.RelWithDebInfo|Win32.Build.0 = RelWithDebInfo|Win32
		{A548911C-3351-3100-849C-C42D49D9914D}.Debug|Win32.ActiveCfg = Debug|Win32
		{A548911C-3351-3100-849C-C42D49D9914D}.Debug|Win32.Build.0 = Debug|Win32
		{A548911C-3351-3100-849C-C42D49D9914D}.Release|Win32.ActiveCfg = Release|Win32
		{A548911C-3351-3100-849C-C42D49D9914D}.Release|Win32.Build.0 = Release|Win32
		{A548911C-3351-3100-849C-C42D49D9914D}.MinSizeRel|Win32.ActiveCfg = MinSizeRel|Win32
		{A548911C-3351-3100-849C-C42D49D9914D}.MinSizeRel|Win32.Build.0 = MinSizeRel|Win32
		{A548911C-3351-3100-849C-C42D49D9914D}.RelWithDebInfo|Win32.ActiveCfg = RelWithDebInfo|Win32
		{A548911C-3351-3100-849C-C42D49D9914D}.RelWithDebInfo|Win32.Build.0 = RelWithDebInfo|Win32
		{E92FC591-63D8-3F7E-8897-6F736C238A3D}.Debug|Win32.ActiveCfg = Debug|Win32
		{E92FC591-63D8-3F7E-8897-6F736C238A3D}.Debug|Win32.Build.0 = Debug|Win32
		{E92FC591-63D8-3F7E-8897-6F736C238A3D}.Release|Win32.ActiveCfg = Release|Win32
		{E92FC591-63D8-3F7E-8897-6F736C238A3D}.Release|Win32.Build.0 = Release|Win32
		{E92FC591-63D8-3F7E-8897-6F736C238A3D}.MinSizeRel|Win32.ActiveCfg = MinSizeRel|Win32
		{E92FC591-63D8-3F7E-8897-6F736C238A3D}.MinSizeRel|Win32.Build.0 = MinSizeRel|Win32
		{E92FC591-63D8-3F7E-8897-6F736C238A3D}.RelWithDebInfo|Win32.ActiveCfg = RelWithDebInfo|Win32
		{E92FC591-63D8-3F7E-8897-6F736C238A3D}.RelWithDebInfo|Win32.Build.0 = RelWithDebInfo|Win32
		{BAD9E588-CB70-3354-9BD1-25891EBBD75A}.Debug|Win32.ActiveCfg = Debug|Win32
		{BAD9E588-CB70-3354-9BD1-25891EBBD75A}.Debug|Win32.Build.0 = Debug|Win32
		{BAD9E588-CB70-3354-9BD1-25891EBBD75A}.Release|Win32.ActiveCfg = Release|Win32
		{BAD9E588-CB70-3354-9BD1-25891EBBD75A}.Release|Win32.Build.0 = Release|Win32
		{BAD9E588-CB70-3354-9BD1-25891EBBD75A}.MinSizeRel|Win32.ActiveCfg = MinSizeRel|Win32
		{BAD9E588-CB70-3354-9BD1-25891EBBD75A}.MinSizeRel|Win32.Build.0 = MinSizeRel|Win32
		{BAD9E588-CB70-3354-9BD1-25891EBBD75A}.RelWithDebInfo|Win32.ActiveCfg = RelWithDebInfo|Win32
		{BAD9E588-CB70-3354-9BD1-25891EBBD75A}.RelWithDebInfo|Win32.Build.0 = RelWithDebInfo|Win32
		{2E6EA85E-B4ED-3EEA-8BE1-7B882955E6B4}.Debug|Win32.ActiveCfg = Debug|Win32
		{2E6EA85E-B4ED-3EEA-8BE1-7B882955E6B4}.Debug|Win32.Build.0 = Debug|Win32
		{2E6EA85E-B4ED-3EEA-8BE1-7B882955E6B4}.Release|Win32.ActiveCfg = Release|Win32
		{2E6EA85E-B4ED-3EEA-8BE1-7B882955E6B4}.Release|Win32.Build.0 = Release|Win32
		{2E6EA85E-B4ED-3EEA-8BE1-7B882955E6B4}.MinSizeRel|Win32.ActiveCfg = MinSizeRel|Win32
		{2E6EA85E-B4ED-3EEA-8BE1-7B882955E6B4}.MinSizeRel|Win32.Build.0 = MinSizeRel|Win32
		{2E6EA85E-B4ED-3EEA-8BE1-7B882955E6B4}.RelWithDebInfo|Win32.ActiveCfg = RelWithDebInfo|Win32
		{2E6EA85E-B4ED-3EEA-8BE1-7B882955E6B4}.RelWithDebInfo|Win32.Build.0 = RelWithDebInfo|Win32
		{A6CFC082-C566-35AF-BD6F-95786A91E333}.Debug|Win32.ActiveCfg = Debug|Win32
		{A6CFC082-C566-35AF-BD6F-95786A91E333}.Debug|Win32.Build.0 = Debug|Win32
		{A6CFC082-C566-35AF-BD6F-95786A91E333}.Release|Win32.ActiveCfg = Release|Win32
		{A6CFC082-C566-35AF-BD6F-95786A91E333}.Release|Win32.Build.0 = Release|Win32
		{A6CFC082-C566-35AF-BD6F-95786A91E333}.MinSizeRel|Win32.ActiveCfg = MinSizeRel|Win32
		{A6CFC082-C566-35AF-BD6F-95786A91E333}.MinSizeRel|Win32.Build.0 = MinSizeRel|Win32
		{A6CFC082-C566-35AF-BD6F-95786A91E333}.RelWithDebInfo|Win32.ActiveCfg = RelWithDebInfo|Win32
		{A6CFC082-C566-35AF-BD6F-95786A91E333}.RelWithDebInfo|Win32.Build.0 = RelWithDebInfo|Win32
		{1FD3FDF9-54BA-30B1-9535-21B33C9CCB44}.Debug|Win32.ActiveCfg = Debug|Win32
		{1FD3FDF9-54BA-30B1-9535-21B33C9CCB44}.Debug|Win32.Build.0 = Debug|Win32
		{1FD3FDF9-54BA-30B1-9535-21B33C9CCB44}.Release|Win32.ActiveCfg = Release|Win32
		{1FD3FDF9-54BA-30B1-9535-21B33C9CCB44}.Release|Win32.Build.0 = Release|Win32
		{1FD3FDF9-54BA-30B1-9535-21B33C9CCB44}.MinSizeRel|Win32.ActiveCfg = MinSizeRel|Win32
		{1FD3FDF9-54BA-30B1-9535-21B33C9CCB44}.MinSizeRel|Win32.Build.0 = MinSizeRel|Win32
		{1FD3FDF9-54BA-30B1-9535-21B33C9CCB44}.RelWithDebInfo|Win32.ActiveCfg = RelWithDebInfo|Win32
		{1FD3FDF9-54BA-30B1-9535-21B33C9CCB44}.RelWithDebInfo|Win32.Build.0 = RelWithDebInfo|Win32
		{40C6DE35-DC5D-304F-9DEE-7A9F7528BAC6}.Debug|Win32.ActiveCfg = Debug|Win32
		{40C6DE35-DC5D-304F-9DEE-7A9F7528BAC6}.Debug|Win32.Build.0 = Debug|Win32
		{40C6DE35-DC5D-304F-9DEE-7A9F7528BAC6}.Release|Win32.ActiveCfg = Release|Win32
		{40C6DE35-DC5D-304F-9DEE-7A9F7528BAC6}.Release|Win32.Build.0 = Release|Win32
		{40C6DE35-DC5D-304F-9DEE-7A9F7528BAC6}.MinSizeRel|Win32.ActiveCfg = MinSizeRel|Win32
		{40C6DE35-DC5D-304F-9DEE-7A9F7528BAC6}.MinSizeRel|Win32.Build.0 = MinSizeRel|Win32
		{40C6DE35-DC5D-304F-9DEE-7A9F7528BAC6}.RelWithDebInfo|Win32.ActiveCfg = RelWithDebInfo|Win32
		{40C6DE35-DC5D-304F-9DEE-7A9F7528BAC6}.RelWithDebInfo|Win32.Build.0 = RelWithDebInfo|Win32
		{60226ABB-CF7B-3B5B-AC6D-3AB07632F292}.Debug|Win32.ActiveCfg = Debug|Win32
		{60226ABB-CF7B-3B5B-AC6D-3AB07632F292}.Debug|Win32.Build.0 = Debug|Win32
		{60226ABB-CF7B-3B5B-AC6D-3AB07632F292}.Release|Win32.ActiveCfg = Release|Win32
		{60226ABB-CF7B-3B5B-AC6D-3AB07632F292}.Release|Win32.Build.0 = Release|Win32
		{60226ABB-CF7B-3B5B-AC6D-3AB07632F292}.MinSizeRel|Win32.ActiveCfg = MinSizeRel|Win32
		{60226ABB-CF7B-3B5B-AC6D-3AB07632F292}.MinSizeRel|Win32.Build.0 = MinSizeRel|Win32
		{60226ABB-CF7B-3B5B-AC6D-3AB07632F292}.RelWithDebInfo|Win32.ActiveCfg = RelWithDebInfo|Win32
		{60226ABB-CF7B-3B5B-AC6D-3AB07632F292}.RelWithDebInfo|Win32.Build.0 = RelWithDebInfo|Win32
		{ECFF10EF-6A72-3433-A2EF-4859DED97895}.Debug|Win32.ActiveCfg = Debug|Win32
		{ECFF10EF-6A72-3433-A2EF-4859DED97895}.Debug|Win32.Build.0 = Debug|Win32
		{ECFF10EF-6A72-3433-A2EF-4859DED97895}.Release|Win32.ActiveCfg = Release|Win32
		{ECFF10EF-6A72-3433-A2EF-4859DED97895}.Release|Win32.Build.0 = Release|Win32
		{ECFF10EF-6A72-3433-A2EF-4859DED97895}.MinSizeRel|Win32.ActiveCfg = MinSizeRel|Win32
		{ECFF10EF-6A72-3433-A2EF-4859DED97895}.MinSizeRel|Win32.Build.0 = MinSizeRel|Win32
		{ECFF10EF-6A72-3433-A2EF-4859DED97895}.RelWithDebInfo|Win32.ActiveCfg = RelWithDebInfo|Win32
		{ECFF10EF-6A72-3433-A2EF-4859DED97895}.RelWithDebInfo|Win32.Build.0 = RelWithDebInfo|Win32
	EndGlobalSection
	GlobalSection(NestedProjects) = preSolution
		{CA48EB33-D429-37B5-81EE-4D09891DBCB6} = {15F8F647-75F9-3FBE-A222-12BAF6663D5F}
		{DC2A5EF4-4C9E-39F9-8A53-9E90ECB98170} = {15F8F647-75F9-3FBE-A222-12BAF6663D5F}
		{A9143D32-1353-3E81-8640-9A2160CD91F8} = {15F8F647-75F9-3FBE-A222-12BAF6663D5F}
		{A2F7D1A7-F34A-318E-934F-7C87BA2FD46C} = {AC449639-E0EB-35EC-AFEC-795DB2D79089}
		{80B3354F-86A5-329B-84CE-9009561C3FD0} = {AC449639-E0EB-35EC-AFEC-795DB2D79089}
		{B58A45E2-2425-33D1-98CA-3B5E71DA888A} = {AC449639-E0EB-35EC-AFEC-795DB2D79089}
		{BAD9E588-CB70-3354-9BD1-25891EBBD75A} = {AC449639-E0EB-35EC-AFEC-795DB2D79089}
		{2E6EA85E-B4ED-3EEA-8BE1-7B882955E6B4} = {AC449639-E0EB-35EC-AFEC-795DB2D79089}
		{A6CFC082-C566-35AF-BD6F-95786A91E333} = {AC449639-E0EB-35EC-AFEC-795DB2D79089}
		{1FD3FDF9-54BA-30B1-9535-21B33C9CCB44} = {AC449639-E0EB-35EC-AFEC-795DB2D79089}
		{40C6DE35-DC5D-304F-9DEE-7A9F7528BAC6} = {AC449639-E0EB-35EC-AFEC-795DB2D79089}
		{60226ABB-CF7B-3B5B-AC6D-3AB07632F292} = {AC449639-E0EB-35EC-AFEC-795DB2D79089}
		{ECFF10EF-6A72-3433-A2EF-4859DED97895} = {AC449639-E0EB-35EC-AFEC-795DB2D79089}
		{12328A44-861E-3582-AF72-D270C8200319} = {C300367E-C150-3F05-9469-3DDC20F8F2A3}
		{85F28D41-97A4-32C1-9C1E-836F9BD4A72A} = {C300367E-C150-3F05-9469-3DDC20F8F2A3}
		{EC6E2752-4DB8-362B-A34B-007AE44161A9} = {C300367E-C150-3F05-9469-3DDC20F8F2A3}
		{895A8501-9D5D-3D93-A457-791D7A486B32} = {C300367E-C150-3F05-9469-3DDC20F8F2A3}
		{A548911C-3351-3100-849C-C42D49D9914D} = {C300367E-C150-3F05-9469-3DDC20F8F2A3}
		{E92FC591-63D8-3F7E-8897-6F736C238A3D} = {C300367E-C150-3F05-9469-3DDC20F8F2A3}
	EndGlobalSection
	GlobalSection(ExtensibilityGlobals) = postSolution
	EndGlobalSection
	GlobalSection(ExtensibilityAddIns) = postSolution
	EndGlobalSection
EndGlobal
