Microsoft Visual Studio Solution File, Format Version 12.00
# Visual Studio 15
Project("{2150E333-8FDC-42A3-9474-1A3956D46DE8}") = "CMake", "CMake", "{D50C2100-2594-38C2-8CD5-93D1E87A46D3}"
EndProject
Project("{2150E333-8FDC-42A3-9474-1A3956D46DE8}") = "Examples", "Examples", "{54C0E69F-B29A-3EAA-BE17-D6EC4A60B775}"
EndProject
Project("{2150E333-8FDC-42A3-9474-1A3956D46DE8}") = "SFML", "SFML", "{77EAF761-9122-30C8-BCEF-CA1C8743EAAF}"
EndProject
Project("{8BC9CEB8-8B4A-11D0-8D11-00A0C91BC942}") = "ALL_BUILD", "ALL_BUILD.vcxproj", "{4C9EEA37-B64F-32EE-ACB3-2A1C7D8ECDB0}"
	ProjectSection(ProjectDependencies) = postProject
		{600D180B-9E04-3CEF-8EAC-CD6918614855} = {600D180B-9E04-3CEF-8EAC-CD6918614855}
		{4A515A7E-0999-305D-BF88-5AE7322DF0E3} = {4A515A7E-0999-305D-BF88-5AE7322DF0E3}
		{1E93DB3F-38AC-3B81-BF35-E6B07D474C43} = {1E93DB3F-38AC-3B81-BF35-E6B07D474C43}
		{0164FA75-BDAA-322C-A702-F36352CAC67B} = {0164FA75-BDAA-322C-A702-F36352CAC67B}
		{39F3969D-3372-33F4-9651-2029FD93B6C7} = {39F3969D-3372-33F4-9651-2029FD93B6C7}
		{E0145DF3-1FA9-36DE-B870-E461E0880A59} = {E0145DF3-1FA9-36DE-B870-E461E0880A59}
		{B687237D-EA11-38F4-924A-815C084B1602} = {B687237D-EA11-38F4-924A-815C084B1602}
		{0622A4A6-D400-36AC-A49C-FE1AC0E2DE4F} = {0622A4A6-D400-36AC-A49C-FE1AC0E2DE4F}
		{F31672DF-D9FB-3664-9079-01D54CC9F268} = {F31672DF-D9FB-3664-9079-01D54CC9F268}
		{148E66F2-5A2F-34D6-875A-AFFF13712434} = {148E66F2-5A2F-34D6-875A-AFFF13712434}
		{70DE543E-518B-33F1-9BE9-0F950994DF6B} = {70DE543E-518B-33F1-9BE9-0F950994DF6B}
		{A2EDBE5B-3CE1-323B-BC14-166DDF90234F} = {A2EDBE5B-3CE1-323B-BC14-166DDF90234F}
		{2C1942E5-CC16-3EF9-903C-172CCB2EF21E} = {2C1942E5-CC16-3EF9-903C-172CCB2EF21E}
		{6A69802C-8D2F-37BE-871D-680661C6CF67} = {6A69802C-8D2F-37BE-871D-680661C6CF67}
		{94E3CF7C-5E68-3CCB-A28C-F81D958029EA} = {94E3CF7C-5E68-3CCB-A28C-F81D958029EA}
		{B608BD8C-3339-3C6E-99EC-6DC1A9A257BF} = {B608BD8C-3339-3C6E-99EC-6DC1A9A257BF}
		{4266704F-AB73-3AA2-985A-DB77780E8AA3} = {4266704F-AB73-3AA2-985A-DB77780E8AA3}
	EndProjectSection
EndProject
Project("{8BC9CEB8-8B4A-11D0-8D11-00A0C91BC942}") = "INSTALL", "INSTALL.vcxproj", "{53D0D10E-C1B0-3AB5-A2F0-CC545AABADC7}"
	ProjectSection(ProjectDependencies) = postProject
		{4C9EEA37-B64F-32EE-ACB3-2A1C7D8ECDB0} = {4C9EEA37-B64F-32EE-ACB3-2A1C7D8ECDB0}
		{600D180B-9E04-3CEF-8EAC-CD6918614855} = {600D180B-9E04-3CEF-8EAC-CD6918614855}
	EndProjectSection
EndProject
Project("{8BC9CEB8-8B4A-11D0-8D11-00A0C91BC942}") = "ZERO_CHECK", "ZERO_CHECK.vcxproj", "{600D180B-9E04-3CEF-8EAC-CD6918614855}"
	ProjectSection(ProjectDependencies) = postProject
	EndProjectSection
EndProject
Project("{8BC9CEB8-8B4A-11D0-8D11-00A0C91BC942}") = "ftp", "examples\ftp\ftp.vcxproj", "{4A515A7E-0999-305D-BF88-5AE7322DF0E3}"
	ProjectSection(ProjectDependencies) = postProject
		{600D180B-9E04-3CEF-8EAC-CD6918614855} = {600D180B-9E04-3CEF-8EAC-CD6918614855}
		{0622A4A6-D400-36AC-A49C-FE1AC0E2DE4F} = {0622A4A6-D400-36AC-A49C-FE1AC0E2DE4F}
		{F31672DF-D9FB-3664-9079-01D54CC9F268} = {F31672DF-D9FB-3664-9079-01D54CC9F268}
	EndProjectSection
EndProject
Project("{8BC9CEB8-8B4A-11D0-8D11-00A0C91BC942}") = "opengl", "examples\opengl\opengl.vcxproj", "{1E93DB3F-38AC-3B81-BF35-E6B07D474C43}"
	ProjectSection(ProjectDependencies) = postProject
		{600D180B-9E04-3CEF-8EAC-CD6918614855} = {600D180B-9E04-3CEF-8EAC-CD6918614855}
		{E0145DF3-1FA9-36DE-B870-E461E0880A59} = {E0145DF3-1FA9-36DE-B870-E461E0880A59}
		{F31672DF-D9FB-3664-9079-01D54CC9F268} = {F31672DF-D9FB-3664-9079-01D54CC9F268}
		{148E66F2-5A2F-34D6-875A-AFFF13712434} = {148E66F2-5A2F-34D6-875A-AFFF13712434}
	EndProjectSection
EndProject
Project("{8BC9CEB8-8B4A-11D0-8D11-00A0C91BC942}") = "pong", "examples\pong\pong.vcxproj", "{0164FA75-BDAA-322C-A702-F36352CAC67B}"
	ProjectSection(ProjectDependencies) = postProject
		{600D180B-9E04-3CEF-8EAC-CD6918614855} = {600D180B-9E04-3CEF-8EAC-CD6918614855}
		{39F3969D-3372-33F4-9651-2029FD93B6C7} = {39F3969D-3372-33F4-9651-2029FD93B6C7}
		{E0145DF3-1FA9-36DE-B870-E461E0880A59} = {E0145DF3-1FA9-36DE-B870-E461E0880A59}
		{F31672DF-D9FB-3664-9079-01D54CC9F268} = {F31672DF-D9FB-3664-9079-01D54CC9F268}
		{148E66F2-5A2F-34D6-875A-AFFF13712434} = {148E66F2-5A2F-34D6-875A-AFFF13712434}
	EndProjectSection
EndProject
Project("{8BC9CEB8-8B4A-11D0-8D11-00A0C91BC942}") = "sfml-audio", "src\SFML\Audio\sfml-audio.vcxproj", "{39F3969D-3372-33F4-9651-2029FD93B6C7}"
	ProjectSection(ProjectDependencies) = postProject
		{600D180B-9E04-3CEF-8EAC-CD6918614855} = {600D180B-9E04-3CEF-8EAC-CD6918614855}
		{F31672DF-D9FB-3664-9079-01D54CC9F268} = {F31672DF-D9FB-3664-9079-01D54CC9F268}
	EndProjectSection
EndProject
Project("{8BC9CEB8-8B4A-11D0-8D11-00A0C91BC942}") = "sfml-graphics", "src\SFML\Graphics\sfml-graphics.vcxproj", "{E0145DF3-1FA9-36DE-B870-E461E0880A59}"
	ProjectSection(ProjectDependencies) = postProject
		{600D180B-9E04-3CEF-8EAC-CD6918614855} = {600D180B-9E04-3CEF-8EAC-CD6918614855}
		{F31672DF-D9FB-3664-9079-01D54CC9F268} = {F31672DF-D9FB-3664-9079-01D54CC9F268}
		{148E66F2-5A2F-34D6-875A-AFFF13712434} = {148E66F2-5A2F-34D6-875A-AFFF13712434}
	EndProjectSection
EndProject
Project("{8BC9CEB8-8B4A-11D0-8D11-00A0C91BC942}") = "sfml-main", "src\SFML\Main\sfml-main.vcxproj", "{B687237D-EA11-38F4-924A-815C084B1602}"
	ProjectSection(ProjectDependencies) = postProject
		{600D180B-9E04-3CEF-8EAC-CD6918614855} = {600D180B-9E04-3CEF-8EAC-CD6918614855}
	EndProjectSection
EndProject
Project("{8BC9CEB8-8B4A-11D0-8D11-00A0C91BC942}") = "sfml-network", "src\SFML\Network\sfml-network.vcxproj", "{0622A4A6-D400-36AC-A49C-FE1AC0E2DE4F}"
	ProjectSection(ProjectDependencies) = postProject
		{600D180B-9E04-3CEF-8EAC-CD6918614855} = {600D180B-9E04-3CEF-8EAC-CD6918614855}
		{F31672DF-D9FB-3664-9079-01D54CC9F268} = {F31672DF-D9FB-3664-9079-01D54CC9F268}
	EndProjectSection
EndProject
Project("{8BC9CEB8-8B4A-11D0-8D11-00A0C91BC942}") = "sfml-system", "src\SFML\System\sfml-system.vcxproj", "{F31672DF-D9FB-3664-9079-01D54CC9F268}"
	ProjectSection(ProjectDependencies) = postProject
		{600D180B-9E04-3CEF-8EAC-CD6918614855} = {600D180B-9E04-3CEF-8EAC-CD6918614855}
	EndProjectSection
EndProject
Project("{8BC9CEB8-8B4A-11D0-8D11-00A0C91BC942}") = "sfml-window", "src\SFML\Window\sfml-window.vcxproj", "{148E66F2-5A2F-34D6-875A-AFFF13712434}"
	ProjectSection(ProjectDependencies) = postProject
		{600D180B-9E04-3CEF-8EAC-CD6918614855} = {600D180B-9E04-3CEF-8EAC-CD6918614855}
		{F31672DF-D9FB-3664-9079-01D54CC9F268} = {F31672DF-D9FB-3664-9079-01D54CC9F268}
	EndProjectSection
EndProject
Project("{8BC9CEB8-8B4A-11D0-8D11-00A0C91BC942}") = "shader", "examples\shader\shader.vcxproj", "{70DE543E-518B-33F1-9BE9-0F950994DF6B}"
	ProjectSection(ProjectDependencies) = postProject
		{600D180B-9E04-3CEF-8EAC-CD6918614855} = {600D180B-9E04-3CEF-8EAC-CD6918614855}
		{E0145DF3-1FA9-36DE-B870-E461E0880A59} = {E0145DF3-1FA9-36DE-B870-E461E0880A59}
		{F31672DF-D9FB-3664-9079-01D54CC9F268} = {F31672DF-D9FB-3664-9079-01D54CC9F268}
		{148E66F2-5A2F-34D6-875A-AFFF13712434} = {148E66F2-5A2F-34D6-875A-AFFF13712434}
	EndProjectSection
EndProject
Project("{8BC9CEB8-8B4A-11D0-8D11-00A0C91BC942}") = "sockets", "examples\sockets\sockets.vcxproj", "{A2EDBE5B-3CE1-323B-BC14-166DDF90234F}"
	ProjectSection(ProjectDependencies) = postProject
		{600D180B-9E04-3CEF-8EAC-CD6918614855} = {600D180B-9E04-3CEF-8EAC-CD6918614855}
		{0622A4A6-D400-36AC-A49C-FE1AC0E2DE4F} = {0622A4A6-D400-36AC-A49C-FE1AC0E2DE4F}
		{F31672DF-D9FB-3664-9079-01D54CC9F268} = {F31672DF-D9FB-3664-9079-01D54CC9F268}
	EndProjectSection
EndProject
Project("{8BC9CEB8-8B4A-11D0-8D11-00A0C91BC942}") = "sound", "examples\sound\sound.vcxproj", "{2C1942E5-CC16-3EF9-903C-172CCB2EF21E}"
	ProjectSection(ProjectDependencies) = postProject
		{600D180B-9E04-3CEF-8EAC-CD6918614855} = {600D180B-9E04-3CEF-8EAC-CD6918614855}
		{39F3969D-3372-33F4-9651-2029FD93B6C7} = {39F3969D-3372-33F4-9651-2029FD93B6C7}
		{F31672DF-D9FB-3664-9079-01D54CC9F268} = {F31672DF-D9FB-3664-9079-01D54CC9F268}
	EndProjectSection
EndProject
Project("{8BC9CEB8-8B4A-11D0-8D11-00A0C91BC942}") = "sound-capture", "examples\sound_capture\sound-capture.vcxproj", "{6A69802C-8D2F-37BE-871D-680661C6CF67}"
	ProjectSection(ProjectDependencies) = postProject
		{600D180B-9E04-3CEF-8EAC-CD6918614855} = {600D180B-9E04-3CEF-8EAC-CD6918614855}
		{39F3969D-3372-33F4-9651-2029FD93B6C7} = {39F3969D-3372-33F4-9651-2029FD93B6C7}
		{F31672DF-D9FB-3664-9079-01D54CC9F268} = {F31672DF-D9FB-3664-9079-01D54CC9F268}
	EndProjectSection
EndProject
Project("{8BC9CEB8-8B4A-11D0-8D11-00A0C91BC942}") = "voip", "examples\voip\voip.vcxproj", "{94E3CF7C-5E68-3CCB-A28C-F81D958029EA}"
	ProjectSection(ProjectDependencies) = postProject
		{600D180B-9E04-3CEF-8EAC-CD6918614855} = {600D180B-9E04-3CEF-8EAC-CD6918614855}
		{39F3969D-3372-33F4-9651-2029FD93B6C7} = {39F3969D-3372-33F4-9651-2029FD93B6C7}
		{0622A4A6-D400-36AC-A49C-FE1AC0E2DE4F} = {0622A4A6-D400-36AC-A49C-FE1AC0E2DE4F}
		{F31672DF-D9FB-3664-9079-01D54CC9F268} = {F31672DF-D9FB-3664-9079-01D54CC9F268}
	EndProjectSection
EndProject
Project("{8BC9CEB8-8B4A-11D0-8D11-00A0C91BC942}") = "win32", "examples\win32\win32.vcxproj", "{B608BD8C-3339-3C6E-99EC-6DC1A9A257BF}"
	ProjectSection(ProjectDependencies) = postProject
		{600D180B-9E04-3CEF-8EAC-CD6918614855} = {600D180B-9E04-3CEF-8EAC-CD6918614855}
		{E0145DF3-1FA9-36DE-B870-E461E0880A59} = {E0145DF3-1FA9-36DE-B870-E461E0880A59}
		{F31672DF-D9FB-3664-9079-01D54CC9F268} = {F31672DF-D9FB-3664-9079-01D54CC9F268}
		{148E66F2-5A2F-34D6-875A-AFFF13712434} = {148E66F2-5A2F-34D6-875A-AFFF13712434}
	EndProjectSection
EndProject
Project("{8BC9CEB8-8B4A-11D0-8D11-00A0C91BC942}") = "window", "examples\window\window.vcxproj", "{4266704F-AB73-3AA2-985A-DB77780E8AA3}"
	ProjectSection(ProjectDependencies) = postProject
		{600D180B-9E04-3CEF-8EAC-CD6918614855} = {600D180B-9E04-3CEF-8EAC-CD6918614855}
		{F31672DF-D9FB-3664-9079-01D54CC9F268} = {F31672DF-D9FB-3664-9079-01D54CC9F268}
		{148E66F2-5A2F-34D6-875A-AFFF13712434} = {148E66F2-5A2F-34D6-875A-AFFF13712434}
	EndProjectSection
EndProject
Global
	GlobalSection(SolutionConfigurationPlatforms) = preSolution
		Debug|Win32 = Debug|Win32
		Release|Win32 = Release|Win32
		MinSizeRel|Win32 = MinSizeRel|Win32
		RelWithDebInfo|Win32 = RelWithDebInfo|Win32
	EndGlobalSection
	GlobalSection(ProjectConfigurationPlatforms) = postSolution
		{4C9EEA37-B64F-32EE-ACB3-2A1C7D8ECDB0}.Debug|Win32.ActiveCfg = Debug|Win32
		{4C9EEA37-B64F-32EE-ACB3-2A1C7D8ECDB0}.Debug|Win32.Build.0 = Debug|Win32
		{4C9EEA37-B64F-32EE-ACB3-2A1C7D8ECDB0}.Release|Win32.ActiveCfg = Release|Win32
		{4C9EEA37-B64F-32EE-ACB3-2A1C7D8ECDB0}.Release|Win32.Build.0 = Release|Win32
		{4C9EEA37-B64F-32EE-ACB3-2A1C7D8ECDB0}.MinSizeRel|Win32.ActiveCfg = MinSizeRel|Win32
		{4C9EEA37-B64F-32EE-ACB3-2A1C7D8ECDB0}.MinSizeRel|Win32.Build.0 = MinSizeRel|Win32
		{4C9EEA37-B64F-32EE-ACB3-2A1C7D8ECDB0}.RelWithDebInfo|Win32.ActiveCfg = RelWithDebInfo|Win32
		{4C9EEA37-B64F-32EE-ACB3-2A1C7D8ECDB0}.RelWithDebInfo|Win32.Build.0 = RelWithDebInfo|Win32
		{53D0D10E-C1B0-3AB5-A2F0-CC545AABADC7}.Debug|Win32.ActiveCfg = Debug|Win32
		{53D0D10E-C1B0-3AB5-A2F0-CC545AABADC7}.Release|Win32.ActiveCfg = Release|Win32
		{53D0D10E-C1B0-3AB5-A2F0-CC545AABADC7}.MinSizeRel|Win32.ActiveCfg = MinSizeRel|Win32
		{53D0D10E-C1B0-3AB5-A2F0-CC545AABADC7}.RelWithDebInfo|Win32.ActiveCfg = RelWithDebInfo|Win32
		{600D180B-9E04-3CEF-8EAC-CD6918614855}.Debug|Win32.ActiveCfg = Debug|Win32
		{600D180B-9E04-3CEF-8EAC-CD6918614855}.Debug|Win32.Build.0 = Debug|Win32
		{600D180B-9E04-3CEF-8EAC-CD6918614855}.Release|Win32.ActiveCfg = Release|Win32
		{600D180B-9E04-3CEF-8EAC-CD6918614855}.Release|Win32.Build.0 = Release|Win32
		{600D180B-9E04-3CEF-8EAC-CD6918614855}.MinSizeRel|Win32.ActiveCfg = MinSizeRel|Win32
		{600D180B-9E04-3CEF-8EAC-CD6918614855}.MinSizeRel|Win32.Build.0 = MinSizeRel|Win32
		{600D180B-9E04-3CEF-8EAC-CD6918614855}.RelWithDebInfo|Win32.ActiveCfg = RelWithDebInfo|Win32
		{600D180B-9E04-3CEF-8EAC-CD6918614855}.RelWithDebInfo|Win32.Build.0 = RelWithDebInfo|Win32
		{4A515A7E-0999-305D-BF88-5AE7322DF0E3}.Debug|Win32.ActiveCfg = Debug|Win32
		{4A515A7E-0999-305D-BF88-5AE7322DF0E3}.Debug|Win32.Build.0 = Debug|Win32
		{4A515A7E-0999-305D-BF88-5AE7322DF0E3}.Release|Win32.ActiveCfg = Release|Win32
		{4A515A7E-0999-305D-BF88-5AE7322DF0E3}.Release|Win32.Build.0 = Release|Win32
		{4A515A7E-0999-305D-BF88-5AE7322DF0E3}.MinSizeRel|Win32.ActiveCfg = MinSizeRel|Win32
		{4A515A7E-0999-305D-BF88-5AE7322DF0E3}.MinSizeRel|Win32.Build.0 = MinSizeRel|Win32
		{4A515A7E-0999-305D-BF88-5AE7322DF0E3}.RelWithDebInfo|Win32.ActiveCfg = RelWithDebInfo|Win32
		{4A515A7E-0999-305D-BF88-5AE7322DF0E3}.RelWithDebInfo|Win32.Build.0 = RelWithDebInfo|Win32
		{1E93DB3F-38AC-3B81-BF35-E6B07D474C43}.Debug|Win32.ActiveCfg = Debug|Win32
		{1E93DB3F-38AC-3B81-BF35-E6B07D474C43}.Debug|Win32.Build.0 = Debug|Win32
		{1E93DB3F-38AC-3B81-BF35-E6B07D474C43}.Release|Win32.ActiveCfg = Release|Win32
		{1E93DB3F-38AC-3B81-BF35-E6B07D474C43}.Release|Win32.Build.0 = Release|Win32
		{1E93DB3F-38AC-3B81-BF35-E6B07D474C43}.MinSizeRel|Win32.ActiveCfg = MinSizeRel|Win32
		{1E93DB3F-38AC-3B81-BF35-E6B07D474C43}.MinSizeRel|Win32.Build.0 = MinSizeRel|Win32
		{1E93DB3F-38AC-3B81-BF35-E6B07D474C43}.RelWithDebInfo|Win32.ActiveCfg = RelWithDebInfo|Win32
		{1E93DB3F-38AC-3B81-BF35-E6B07D474C43}.RelWithDebInfo|Win32.Build.0 = RelWithDebInfo|Win32
		{0164FA75-BDAA-322C-A702-F36352CAC67B}.Debug|Win32.ActiveCfg = Debug|Win32
		{0164FA75-BDAA-322C-A702-F36352CAC67B}.Debug|Win32.Build.0 = Debug|Win32
		{0164FA75-BDAA-322C-A702-F36352CAC67B}.Release|Win32.ActiveCfg = Release|Win32
		{0164FA75-BDAA-322C-A702-F36352CAC67B}.Release|Win32.Build.0 = Release|Win32
		{0164FA75-BDAA-322C-A702-F36352CAC67B}.MinSizeRel|Win32.ActiveCfg = MinSizeRel|Win32
		{0164FA75-BDAA-322C-A702-F36352CAC67B}.MinSizeRel|Win32.Build.0 = MinSizeRel|Win32
		{0164FA75-BDAA-322C-A702-F36352CAC67B}.RelWithDebInfo|Win32.ActiveCfg = RelWithDebInfo|Win32
		{0164FA75-BDAA-322C-A702-F36352CAC67B}.RelWithDebInfo|Win32.Build.0 = RelWithDebInfo|Win32
		{39F3969D-3372-33F4-9651-2029FD93B6C7}.Debug|Win32.ActiveCfg = Debug|Win32
		{39F3969D-3372-33F4-9651-2029FD93B6C7}.Debug|Win32.Build.0 = Debug|Win32
		{39F3969D-3372-33F4-9651-2029FD93B6C7}.Release|Win32.ActiveCfg = Release|Win32
		{39F3969D-3372-33F4-9651-2029FD93B6C7}.Release|Win32.Build.0 = Release|Win32
		{39F3969D-3372-33F4-9651-2029FD93B6C7}.MinSizeRel|Win32.ActiveCfg = MinSizeRel|Win32
		{39F3969D-3372-33F4-9651-2029FD93B6C7}.MinSizeRel|Win32.Build.0 = MinSizeRel|Win32
		{39F3969D-3372-33F4-9651-2029FD93B6C7}.RelWithDebInfo|Win32.ActiveCfg = RelWithDebInfo|Win32
		{39F3969D-3372-33F4-9651-2029FD93B6C7}.RelWithDebInfo|Win32.Build.0 = RelWithDebInfo|Win32
		{E0145DF3-1FA9-36DE-B870-E461E0880A59}.Debug|Win32.ActiveCfg = Debug|Win32
		{E0145DF3-1FA9-36DE-B870-E461E0880A59}.Debug|Win32.Build.0 = Debug|Win32
		{E0145DF3-1FA9-36DE-B870-E461E0880A59}.Release|Win32.ActiveCfg = Release|Win32
		{E0145DF3-1FA9-36DE-B870-E461E0880A59}.Release|Win32.Build.0 = Release|Win32
		{E0145DF3-1FA9-36DE-B870-E461E0880A59}.MinSizeRel|Win32.ActiveCfg = MinSizeRel|Win32
		{E0145DF3-1FA9-36DE-B870-E461E0880A59}.MinSizeRel|Win32.Build.0 = MinSizeRel|Win32
		{E0145DF3-1FA9-36DE-B870-E461E0880A59}.RelWithDebInfo|Win32.ActiveCfg = RelWithDebInfo|Win32
		{E0145DF3-1FA9-36DE-B870-E461E0880A59}.RelWithDebInfo|Win32.Build.0 = RelWithDebInfo|Win32
		{B687237D-EA11-38F4-924A-815C084B1602}.Debug|Win32.ActiveCfg = Debug|Win32
		{B687237D-EA11-38F4-924A-815C084B1602}.Debug|Win32.Build.0 = Debug|Win32
		{B687237D-EA11-38F4-924A-815C084B1602}.Release|Win32.ActiveCfg = Release|Win32
		{B687237D-EA11-38F4-924A-815C084B1602}.Release|Win32.Build.0 = Release|Win32
		{B687237D-EA11-38F4-924A-815C084B1602}.MinSizeRel|Win32.ActiveCfg = MinSizeRel|Win32
		{B687237D-EA11-38F4-924A-815C084B1602}.MinSizeRel|Win32.Build.0 = MinSizeRel|Win32
		{B687237D-EA11-38F4-924A-815C084B1602}.RelWithDebInfo|Win32.ActiveCfg = RelWithDebInfo|Win32
		{B687237D-EA11-38F4-924A-815C084B1602}.RelWithDebInfo|Win32.Build.0 = RelWithDebInfo|Win32
		{0622A4A6-D400-36AC-A49C-FE1AC0E2DE4F}.Debug|Win32.ActiveCfg = Debug|Win32
		{0622A4A6-D400-36AC-A49C-FE1AC0E2DE4F}.Debug|Win32.Build.0 = Debug|Win32
		{0622A4A6-D400-36AC-A49C-FE1AC0E2DE4F}.Release|Win32.ActiveCfg = Release|Win32
		{0622A4A6-D400-36AC-A49C-FE1AC0E2DE4F}.Release|Win32.Build.0 = Release|Win32
		{0622A4A6-D400-36AC-A49C-FE1AC0E2DE4F}.MinSizeRel|Win32.ActiveCfg = MinSizeRel|Win32
		{0622A4A6-D400-36AC-A49C-FE1AC0E2DE4F}.MinSizeRel|Win32.Build.0 = MinSizeRel|Win32
		{0622A4A6-D400-36AC-A49C-FE1AC0E2DE4F}.RelWithDebInfo|Win32.ActiveCfg = RelWithDebInfo|Win32
		{0622A4A6-D400-36AC-A49C-FE1AC0E2DE4F}.RelWithDebInfo|Win32.Build.0 = RelWithDebInfo|Win32
		{F31672DF-D9FB-3664-9079-01D54CC9F268}.Debug|Win32.ActiveCfg = Debug|Win32
		{F31672DF-D9FB-3664-9079-01D54CC9F268}.Debug|Win32.Build.0 = Debug|Win32
		{F31672DF-D9FB-3664-9079-01D54CC9F268}.Release|Win32.ActiveCfg = Release|Win32
		{F31672DF-D9FB-3664-9079-01D54CC9F268}.Release|Win32.Build.0 = Release|Win32
		{F31672DF-D9FB-3664-9079-01D54CC9F268}.MinSizeRel|Win32.ActiveCfg = MinSizeRel|Win32
		{F31672DF-D9FB-3664-9079-01D54CC9F268}.MinSizeRel|Win32.Build.0 = MinSizeRel|Win32
		{F31672DF-D9FB-3664-9079-01D54CC9F268}.RelWithDebInfo|Win32.ActiveCfg = RelWithDebInfo|Win32
		{F31672DF-D9FB-3664-9079-01D54CC9F268}.RelWithDebInfo|Win32.Build.0 = RelWithDebInfo|Win32
		{148E66F2-5A2F-34D6-875A-AFFF13712434}.Debug|Win32.ActiveCfg = Debug|Win32
		{148E66F2-5A2F-34D6-875A-AFFF13712434}.Debug|Win32.Build.0 = Debug|Win32
		{148E66F2-5A2F-34D6-875A-AFFF13712434}.Release|Win32.ActiveCfg = Release|Win32
		{148E66F2-5A2F-34D6-875A-AFFF13712434}.Release|Win32.Build.0 = Release|Win32
		{148E66F2-5A2F-34D6-875A-AFFF13712434}.MinSizeRel|Win32.ActiveCfg = MinSizeRel|Win32
		{148E66F2-5A2F-34D6-875A-AFFF13712434}.MinSizeRel|Win32.Build.0 = MinSizeRel|Win32
		{148E66F2-5A2F-34D6-875A-AFFF13712434}.RelWithDebInfo|Win32.ActiveCfg = RelWithDebInfo|Win32
		{148E66F2-5A2F-34D6-875A-AFFF13712434}.RelWithDebInfo|Win32.Build.0 = RelWithDebInfo|Win32
		{70DE543E-518B-33F1-9BE9-0F950994DF6B}.Debug|Win32.ActiveCfg = Debug|Win32
		{70DE543E-518B-33F1-9BE9-0F950994DF6B}.Debug|Win32.Build.0 = Debug|Win32
		{70DE543E-518B-33F1-9BE9-0F950994DF6B}.Release|Win32.ActiveCfg = Release|Win32
		{70DE543E-518B-33F1-9BE9-0F950994DF6B}.Release|Win32.Build.0 = Release|Win32
		{70DE543E-518B-33F1-9BE9-0F950994DF6B}.MinSizeRel|Win32.ActiveCfg = MinSizeRel|Win32
		{70DE543E-518B-33F1-9BE9-0F950994DF6B}.MinSizeRel|Win32.Build.0 = MinSizeRel|Win32
		{70DE543E-518B-33F1-9BE9-0F950994DF6B}.RelWithDebInfo|Win32.ActiveCfg = RelWithDebInfo|Win32
		{70DE543E-518B-33F1-9BE9-0F950994DF6B}.RelWithDebInfo|Win32.Build.0 = RelWithDebInfo|Win32
		{A2EDBE5B-3CE1-323B-BC14-166DDF90234F}.Debug|Win32.ActiveCfg = Debug|Win32
		{A2EDBE5B-3CE1-323B-BC14-166DDF90234F}.Debug|Win32.Build.0 = Debug|Win32
		{A2EDBE5B-3CE1-323B-BC14-166DDF90234F}.Release|Win32.ActiveCfg = Release|Win32
		{A2EDBE5B-3CE1-323B-BC14-166DDF90234F}.Release|Win32.Build.0 = Release|Win32
		{A2EDBE5B-3CE1-323B-BC14-166DDF90234F}.MinSizeRel|Win32.ActiveCfg = MinSizeRel|Win32
		{A2EDBE5B-3CE1-323B-BC14-166DDF90234F}.MinSizeRel|Win32.Build.0 = MinSizeRel|Win32
		{A2EDBE5B-3CE1-323B-BC14-166DDF90234F}.RelWithDebInfo|Win32.ActiveCfg = RelWithDebInfo|Win32
		{A2EDBE5B-3CE1-323B-BC14-166DDF90234F}.RelWithDebInfo|Win32.Build.0 = RelWithDebInfo|Win32
		{2C1942E5-CC16-3EF9-903C-172CCB2EF21E}.Debug|Win32.ActiveCfg = Debug|Win32
		{2C1942E5-CC16-3EF9-903C-172CCB2EF21E}.Debug|Win32.Build.0 = Debug|Win32
		{2C1942E5-CC16-3EF9-903C-172CCB2EF21E}.Release|Win32.ActiveCfg = Release|Win32
		{2C1942E5-CC16-3EF9-903C-172CCB2EF21E}.Release|Win32.Build.0 = Release|Win32
		{2C1942E5-CC16-3EF9-903C-172CCB2EF21E}.MinSizeRel|Win32.ActiveCfg = MinSizeRel|Win32
		{2C1942E5-CC16-3EF9-903C-172CCB2EF21E}.MinSizeRel|Win32.Build.0 = MinSizeRel|Win32
		{2C1942E5-CC16-3EF9-903C-172CCB2EF21E}.RelWithDebInfo|Win32.ActiveCfg = RelWithDebInfo|Win32
		{2C1942E5-CC16-3EF9-903C-172CCB2EF21E}.RelWithDebInfo|Win32.Build.0 = RelWithDebInfo|Win32
		{6A69802C-8D2F-37BE-871D-680661C6CF67}.Debug|Win32.ActiveCfg = Debug|Win32
		{6A69802C-8D2F-37BE-871D-680661C6CF67}.Debug|Win32.Build.0 = Debug|Win32
		{6A69802C-8D2F-37BE-871D-680661C6CF67}.Release|Win32.ActiveCfg = Release|Win32
		{6A69802C-8D2F-37BE-871D-680661C6CF67}.Release|Win32.Build.0 = Release|Win32
		{6A69802C-8D2F-37BE-871D-680661C6CF67}.MinSizeRel|Win32.ActiveCfg = MinSizeRel|Win32
		{6A69802C-8D2F-37BE-871D-680661C6CF67}.MinSizeRel|Win32.Build.0 = MinSizeRel|Win32
		{6A69802C-8D2F-37BE-871D-680661C6CF67}.RelWithDebInfo|Win32.ActiveCfg = RelWithDebInfo|Win32
		{6A69802C-8D2F-37BE-871D-680661C6CF67}.RelWithDebInfo|Win32.Build.0 = RelWithDebInfo|Win32
		{94E3CF7C-5E68-3CCB-A28C-F81D958029EA}.Debug|Win32.ActiveCfg = Debug|Win32
		{94E3CF7C-5E68-3CCB-A28C-F81D958029EA}.Debug|Win32.Build.0 = Debug|Win32
		{94E3CF7C-5E68-3CCB-A28C-F81D958029EA}.Release|Win32.ActiveCfg = Release|Win32
		{94E3CF7C-5E68-3CCB-A28C-F81D958029EA}.Release|Win32.Build.0 = Release|Win32
		{94E3CF7C-5E68-3CCB-A28C-F81D958029EA}.MinSizeRel|Win32.ActiveCfg = MinSizeRel|Win32
		{94E3CF7C-5E68-3CCB-A28C-F81D958029EA}.MinSizeRel|Win32.Build.0 = MinSizeRel|Win32
		{94E3CF7C-5E68-3CCB-A28C-F81D958029EA}.RelWithDebInfo|Win32.ActiveCfg = RelWithDebInfo|Win32
		{94E3CF7C-5E68-3CCB-A28C-F81D958029EA}.RelWithDebInfo|Win32.Build.0 = RelWithDebInfo|Win32
		{B608BD8C-3339-3C6E-99EC-6DC1A9A257BF}.Debug|Win32.ActiveCfg = Debug|Win32
		{B608BD8C-3339-3C6E-99EC-6DC1A9A257BF}.Debug|Win32.Build.0 = Debug|Win32
		{B608BD8C-3339-3C6E-99EC-6DC1A9A257BF}.Release|Win32.ActiveCfg = Release|Win32
		{B608BD8C-3339-3C6E-99EC-6DC1A9A257BF}.Release|Win32.Build.0 = Release|Win32
		{B608BD8C-3339-3C6E-99EC-6DC1A9A257BF}.MinSizeRel|Win32.ActiveCfg = MinSizeRel|Win32
		{B608BD8C-3339-3C6E-99EC-6DC1A9A257BF}.MinSizeRel|Win32.Build.0 = MinSizeRel|Win32
		{B608BD8C-3339-3C6E-99EC-6DC1A9A257BF}.RelWithDebInfo|Win32.ActiveCfg = RelWithDebInfo|Win32
		{B608BD8C-3339-3C6E-99EC-6DC1A9A257BF}.RelWithDebInfo|Win32.Build.0 = RelWithDebInfo|Win32
		{4266704F-AB73-3AA2-985A-DB77780E8AA3}.Debug|Win32.ActiveCfg = Debug|Win32
		{4266704F-AB73-3AA2-985A-DB77780E8AA3}.Debug|Win32.Build.0 = Debug|Win32
		{4266704F-AB73-3AA2-985A-DB77780E8AA3}.Release|Win32.ActiveCfg = Release|Win32
		{4266704F-AB73-3AA2-985A-DB77780E8AA3}.Release|Win32.Build.0 = Release|Win32
		{4266704F-AB73-3AA2-985A-DB77780E8AA3}.MinSizeRel|Win32.ActiveCfg = MinSizeRel|Win32
		{4266704F-AB73-3AA2-985A-DB77780E8AA3}.MinSizeRel|Win32.Build.0 = MinSizeRel|Win32
		{4266704F-AB73-3AA2-985A-DB77780E8AA3}.RelWithDebInfo|Win32.ActiveCfg = RelWithDebInfo|Win32
		{4266704F-AB73-3AA2-985A-DB77780E8AA3}.RelWithDebInfo|Win32.Build.0 = RelWithDebInfo|Win32
	EndGlobalSection
	GlobalSection(NestedProjects) = preSolution
		{4C9EEA37-B64F-32EE-ACB3-2A1C7D8ECDB0} = {D50C2100-2594-38C2-8CD5-93D1E87A46D3}
		{53D0D10E-C1B0-3AB5-A2F0-CC545AABADC7} = {D50C2100-2594-38C2-8CD5-93D1E87A46D3}
		{600D180B-9E04-3CEF-8EAC-CD6918614855} = {D50C2100-2594-38C2-8CD5-93D1E87A46D3}
		{4A515A7E-0999-305D-BF88-5AE7322DF0E3} = {54C0E69F-B29A-3EAA-BE17-D6EC4A60B775}
		{1E93DB3F-38AC-3B81-BF35-E6B07D474C43} = {54C0E69F-B29A-3EAA-BE17-D6EC4A60B775}
		{0164FA75-BDAA-322C-A702-F36352CAC67B} = {54C0E69F-B29A-3EAA-BE17-D6EC4A60B775}
		{70DE543E-518B-33F1-9BE9-0F950994DF6B} = {54C0E69F-B29A-3EAA-BE17-D6EC4A60B775}
		{A2EDBE5B-3CE1-323B-BC14-166DDF90234F} = {54C0E69F-B29A-3EAA-BE17-D6EC4A60B775}
		{2C1942E5-CC16-3EF9-903C-172CCB2EF21E} = {54C0E69F-B29A-3EAA-BE17-D6EC4A60B775}
		{6A69802C-8D2F-37BE-871D-680661C6CF67} = {54C0E69F-B29A-3EAA-BE17-D6EC4A60B775}
		{94E3CF7C-5E68-3CCB-A28C-F81D958029EA} = {54C0E69F-B29A-3EAA-BE17-D6EC4A60B775}
		{B608BD8C-3339-3C6E-99EC-6DC1A9A257BF} = {54C0E69F-B29A-3EAA-BE17-D6EC4A60B775}
		{4266704F-AB73-3AA2-985A-DB77780E8AA3} = {54C0E69F-B29A-3EAA-BE17-D6EC4A60B775}
		{39F3969D-3372-33F4-9651-2029FD93B6C7} = {77EAF761-9122-30C8-BCEF-CA1C8743EAAF}
		{E0145DF3-1FA9-36DE-B870-E461E0880A59} = {77EAF761-9122-30C8-BCEF-CA1C8743EAAF}
		{B687237D-EA11-38F4-924A-815C084B1602} = {77EAF761-9122-30C8-BCEF-CA1C8743EAAF}
		{0622A4A6-D400-36AC-A49C-FE1AC0E2DE4F} = {77EAF761-9122-30C8-BCEF-CA1C8743EAAF}
		{F31672DF-D9FB-3664-9079-01D54CC9F268} = {77EAF761-9122-30C8-BCEF-CA1C8743EAAF}
		{148E66F2-5A2F-34D6-875A-AFFF13712434} = {77EAF761-9122-30C8-BCEF-CA1C8743EAAF}
	EndGlobalSection
	GlobalSection(ExtensibilityGlobals) = postSolution
	EndGlobalSection
	GlobalSection(ExtensibilityAddIns) = postSolution
	EndGlobalSection
EndGlobal
