<?xml version="1.0" encoding="utf-8"?>
<Project ToolsVersion="4.0" xmlns="http://schemas.microsoft.com/developer/msbuild/2003">
  <ItemGroup>
    <Filter Include="Source Files">
      <UniqueIdentifier>{4FC737F1-C7A5-4376-A066-2A32D752A2FF}</UniqueIdentifier>
      <Extensions>cpp;c;cc;cxx;def;odl;idl;hpj;bat;asm;asmx</Extensions>
    </Filter>
    <Filter Include="Header Files">
      <UniqueIdentifier>{93995380-89BD-4b04-88EB-625FBE52EBFB}</UniqueIdentifier>
      <Extensions>h;hh;hpp;hxx;hm;inl;inc;xsd</Extensions>
    </Filter>
    <Filter Include="Resource Files">
      <UniqueIdentifier>{67DA6AB6-F800-4c08-8B7A-83BB121AAD01}</UniqueIdentifier>
      <Extensions>rc;ico;cur;bmp;dlg;rc2;rct;bin;rgs;gif;jpg;jpeg;jpe;resx;tiff;tif;png;wav;mfcribbon-ms</Extensions>
    </Filter>
    <Filter Include="java_helpers">
      <UniqueIdentifier>{0a0cc0ce-0fa0-4eab-b129-bbc1eff70d67}</UniqueIdentifier>
    </Filter>
    <Filter Include="doom">
      <UniqueIdentifier>{c31dc161-8427-4781-8512-ef43900618b0}</UniqueIdentifier>
    </Filter>
    <Filter Include="chocolate">
      <UniqueIdentifier>{e827ab58-c609-48c3-8dcb-d485eb79c61c}</UniqueIdentifier>
    </Filter>
    <Filter Include="tinyrender">
      <UniqueIdentifier>{300f2bc9-a1c2-4988-afd2-1b1486179231}</UniqueIdentifier>
    </Filter>
    <Filter Include="blackbook">
      <UniqueIdentifier>{8788191c-477c-41e5-a94e-2991c5f3c9b2}</UniqueIdentifier>
    </Filter>
  </ItemGroup>
  <ItemGroup>
    <ClCompile Include="main.cpp">
      <Filter>Source Files</Filter>
    </ClCompile>
    <ClCompile Include="doom_common.cpp">
      <Filter>doom</Filter>
    </ClCompile>
    <ClCompile Include="w_doom.cpp">
      <Filter>doom</Filter>
    </ClCompile>
    <ClCompile Include="z_doom.cpp">
      <Filter>doom</Filter>
    </ClCompile>
    <ClCompile Include="doom_math.cpp">
      <Filter>doom</Filter>
    </ClCompile>
    <ClCompile Include="doom_video.cpp">
      <Filter>doom</Filter>
    </ClCompile>
    <ClCompile Include="geometry.cpp">
      <Filter>tinyrender</Filter>
    </ClCompile>
    <ClCompile Include="model.cpp">
      <Filter>tinyrender</Filter>
    </ClCompile>
    <ClCompile Include="our_gl.cpp">
      <Filter>tinyrender</Filter>
    </ClCompile>
    <ClCompile Include="tgaimage.cpp">
      <Filter>tinyrender</Filter>
    </ClCompile>
    <ClCompile Include="tiny_main.cpp">
      <Filter>tinyrender</Filter>
    </ClCompile>
    <ClCompile Include="l52-1.cpp">
      <Filter>blackbook</Filter>
    </ClCompile>
    <ClCompile Include="xform_stuff.cpp">
      <Filter>blackbook</Filter>
    </ClCompile>
    <ClCompile Include="black_cubes.cpp">
      <Filter>blackbook</Filter>
    </ClCompile>
    <ClCompile Include="black_fillpoly.cpp">
      <Filter>blackbook</Filter>
    </ClCompile>
    <ClCompile Include="..\quake\snd_null.c">
      <Filter>Source Files</Filter>
    </ClCompile>
  </ItemGroup>
  <ItemGroup>
    <ClInclude Include="ByteBuffer.hpp">
      <Filter>java_helpers</Filter>
    </ClInclude>
    <ClInclude Include="w_doom.hpp">
      <Filter>doom</Filter>
    </ClInclude>
    <ClInclude Include="doom_common.hpp">
      <Filter>doom</Filter>
    </ClInclude>
    <ClInclude Include="r_patch.hpp">
      <Filter>doom</Filter>
    </ClInclude>
    <ClInclude Include="z_doom.hpp">
      <Filter>doom</Filter>
    </ClInclude>
    <ClInclude Include="doom_math.h">
      <Filter>doom</Filter>
    </ClInclude>
    <ClInclude Include="doom_video.hpp">
      <Filter>doom</Filter>
    </ClInclude>
    <ClInclude Include="doom_state.h">
      <Filter>doom</Filter>
    </ClInclude>
    <ClInclude Include="geometry.h">
      <Filter>tinyrender</Filter>
    </ClInclude>
    <ClInclude Include="model.h">
      <Filter>tinyrender</Filter>
    </ClInclude>
    <ClInclude Include="our_gl.h">
      <Filter>tinyrender</Filter>
    </ClInclude>
    <ClInclude Include="tgaimage.h">
      <Filter>tinyrender</Filter>
    </ClInclude>
    <ClInclude Include="tiny_common.h">
      <Filter>tinyrender</Filter>
    </ClInclude>
    <ClInclude Include="linedrawing.h">
      <Filter>tinyrender</Filter>
    </ClInclude>
    <ClInclude Include="polygon.h">
      <Filter>blackbook</Filter>
    </ClInclude>
    <ClInclude Include="bitmap_view.h">
      <Filter>Header Files</Filter>
    </ClInclude>
  </ItemGroup>
  <ItemGroup>
    <None Include="packages.config" />
  </ItemGroup>
</Project>